
Microsoft Visual Studio Solution File, Format Version 12.00
# Visual Studio 15
VisualStudioVersion = 15.0.25302.0
MinimumVisualStudioVersion = 10.0.40219.1
Project("{FAE04EC0-301F-11D3-BF4B-00C04F79EFBC}") = "LocalFunctionLambda", "LocalFunctionLambda\LocalFunctionLambda.csproj", "{BFCD821E-740A-413B-BDE1-FCA2F423580F}"
EndProject
Project("{FAE04EC0-301F-11D3-BF4B-00C04F79EFBC}") = "LocalFunction", "LocalFunction\LocalFunction.csproj", "{1312993A-7D43-44AE-BE9A-F045AFD5627D}"
EndProject
Project("{FAE04EC0-301F-11D3-BF4B-00C04F79EFBC}") = "PatternMatching", "PatternMatching\PatternMatching.csproj", "{1B9F1A6B-B044-455E-BEF7-DC8066E8A09C}"
EndProject
Global
	GlobalSection(SolutionConfigurationPlatforms) = preSolution
		Debug|Any CPU = Debug|Any CPU
		Release|Any CPU = Release|Any CPU
	EndGlobalSection
	GlobalSection(ProjectConfigurationPlatforms) = postSolution
		{BFCD821E-740A-413B-BDE1-FCA2F423580F}.Debug|Any CPU.ActiveCfg = Debug|Any CPU
		{BFCD821E-740A-413B-BDE1-FCA2F423580F}.Debug|Any CPU.Build.0 = Debug|Any CPU
		{BFCD821E-740A-413B-BDE1-FCA2F423580F}.Release|Any CPU.ActiveCfg = Release|Any CPU
		{BFCD821E-740A-413B-BDE1-FCA2F423580F}.Release|Any CPU.Build.0 = Release|Any CPU
		{1312993A-7D43-44AE-BE9A-F045AFD5627D}.Debug|Any CPU.ActiveCfg = Debug|Any CPU
		{1312993A-7D43-44AE-BE9A-F045AFD5627D}.Debug|Any CPU.Build.0 = Debug|Any CPU
		{1312993A-7D43-44AE-BE9A-F045AFD5627D}.Release|Any CPU.ActiveCfg = Release|Any CPU
		{1312993A-7D43-44AE-BE9A-F045AFD5627D}.Release|Any CPU.Build.0 = Release|Any CPU
		{1B9F1A6B-B044-455E-BEF7-DC8066E8A09C}.Debug|Any CPU.ActiveCfg = Debug|Any CPU
		{1B9F1A6B-B044-455E-BEF7-DC8066E8A09C}.Debug|Any CPU.Build.0 = Debug|Any CPU
		{1B9F1A6B-B044-455E-BEF7-DC8066E8A09C}.Release|Any CPU.ActiveCfg = Release|Any CPU
		{1B9F1A6B-B044-455E-BEF7-DC8066E8A09C}.Release|Any CPU.Build.0 = Release|Any CPU
	EndGlobalSection
	GlobalSection(SolutionProperties) = preSolution
		HideSolutionNode = FALSE
	EndGlobalSection
EndGlobal
