
Microsoft Visual Studio Solution File, Format Version 12.00
# Visual Studio 15
VisualStudioVersion = 15.0.26419.1
MinimumVisualStudioVersion = 10.0.40219.1
Project("{9A19103F-16F7-4668-BE54-9A1E7A4F7556}") = "LocalFunction", "LocalFunction\LocalFunction.csproj", "{1312993A-7D43-44AE-BE9A-F045AFD5627D}"
EndProject
Project("{9A19103F-16F7-4668-BE54-9A1E7A4F7556}") = "PatternMatching", "PatternMatching\PatternMatching.csproj", "{1B9F1A6B-B044-455E-BEF7-DC8066E8A09C}"
EndProject
Project("{9A19103F-16F7-4668-BE54-9A1E7A4F7556}") = "RefReturns", "RefReturns\RefReturns.csproj", "{3153CA14-72FC-4E69-813E-804796748254}"
EndProject
Project("{9A19103F-16F7-4668-BE54-9A1E7A4F7556}") = "TupleDemo", "TupleDemo\TupleDemo.csproj", "{42BEB022-027C-4B6A-8AF0-BA3D4CF3FEB3}"
EndProject
Project("{9A19103F-16F7-4668-BE54-9A1E7A4F7556}") = "OutVars", "OutVars\OutVars.csproj", "{AEF9AEF2-AF63-4564-A24A-C5D3674570ED}"
EndProject
Project("{9A19103F-16F7-4668-BE54-9A1E7A4F7556}") = "LocalFunctionLambda", "LocalFunctionLambda\LocalFunctionLambda.csproj", "{0DB92DCD-D5AA-4E7C-BFE5-8F4C3208585D}"
EndProject
Project("{9A19103F-16F7-4668-BE54-9A1E7A4F7556}") = "ExpressionBodiedMembers", "ExpressionBodiedMembers\ExpressionBodiedMembers.csproj", "{4AE5079A-A0CE-4A4F-AD28-A3F5E420EDD3}"
EndProject
Project("{9A19103F-16F7-4668-BE54-9A1E7A4F7556}") = "ValueTask", "ValueTask\ValueTask.csproj", "{DCC1B7CD-1D53-4777-8533-DDCFB6E0441D}"
EndProject
Project("{9A19103F-16F7-4668-BE54-9A1E7A4F7556}") = "AsyncMain", "AsyncMain\AsyncMain.csproj", "{32BDECE3-9852-4411-9EC8-FB6E12DA5EA5}"
EndProject
Project("{FAE04EC0-301F-11D3-BF4B-00C04F79EFBC}") = "Ref", "Ref\Ref.csproj", "{87E24910-8D9D-4FCB-A700-5EF91C7DF8A2}"
EndProject
Global
	GlobalSection(SolutionConfigurationPlatforms) = preSolution
		Debug|Any CPU = Debug|Any CPU
		Debug|x64 = Debug|x64
		Debug|x86 = Debug|x86
		Release|Any CPU = Release|Any CPU
		Release|x64 = Release|x64
		Release|x86 = Release|x86
	EndGlobalSection
	GlobalSection(ProjectConfigurationPlatforms) = postSolution
		{1312993A-7D43-44AE-BE9A-F045AFD5627D}.Debug|Any CPU.ActiveCfg = Debug|Any CPU
		{1312993A-7D43-44AE-BE9A-F045AFD5627D}.Debug|Any CPU.Build.0 = Debug|Any CPU
		{1312993A-7D43-44AE-BE9A-F045AFD5627D}.Debug|x64.ActiveCfg = Debug|Any CPU
		{1312993A-7D43-44AE-BE9A-F045AFD5627D}.Debug|x64.Build.0 = Debug|Any CPU
		{1312993A-7D43-44AE-BE9A-F045AFD5627D}.Debug|x86.ActiveCfg = Debug|Any CPU
		{1312993A-7D43-44AE-BE9A-F045AFD5627D}.Debug|x86.Build.0 = Debug|Any CPU
		{1312993A-7D43-44AE-BE9A-F045AFD5627D}.Release|Any CPU.ActiveCfg = Release|Any CPU
		{1312993A-7D43-44AE-BE9A-F045AFD5627D}.Release|Any CPU.Build.0 = Release|Any CPU
		{1312993A-7D43-44AE-BE9A-F045AFD5627D}.Release|x64.ActiveCfg = Release|Any CPU
		{1312993A-7D43-44AE-BE9A-F045AFD5627D}.Release|x64.Build.0 = Release|Any CPU
		{1312993A-7D43-44AE-BE9A-F045AFD5627D}.Release|x86.ActiveCfg = Release|Any CPU
		{1312993A-7D43-44AE-BE9A-F045AFD5627D}.Release|x86.Build.0 = Release|Any CPU
		{1B9F1A6B-B044-455E-BEF7-DC8066E8A09C}.Debug|Any CPU.ActiveCfg = Debug|Any CPU
		{1B9F1A6B-B044-455E-BEF7-DC8066E8A09C}.Debug|Any CPU.Build.0 = Debug|Any CPU
		{1B9F1A6B-B044-455E-BEF7-DC8066E8A09C}.Debug|x64.ActiveCfg = Debug|Any CPU
		{1B9F1A6B-B044-455E-BEF7-DC8066E8A09C}.Debug|x64.Build.0 = Debug|Any CPU
		{1B9F1A6B-B044-455E-BEF7-DC8066E8A09C}.Debug|x86.ActiveCfg = Debug|Any CPU
		{1B9F1A6B-B044-455E-BEF7-DC8066E8A09C}.Debug|x86.Build.0 = Debug|Any CPU
		{1B9F1A6B-B044-455E-BEF7-DC8066E8A09C}.Release|Any CPU.ActiveCfg = Release|Any CPU
		{1B9F1A6B-B044-455E-BEF7-DC8066E8A09C}.Release|Any CPU.Build.0 = Release|Any CPU
		{1B9F1A6B-B044-455E-BEF7-DC8066E8A09C}.Release|x64.ActiveCfg = Release|Any CPU
		{1B9F1A6B-B044-455E-BEF7-DC8066E8A09C}.Release|x64.Build.0 = Release|Any CPU
		{1B9F1A6B-B044-455E-BEF7-DC8066E8A09C}.Release|x86.ActiveCfg = Release|Any CPU
		{1B9F1A6B-B044-455E-BEF7-DC8066E8A09C}.Release|x86.Build.0 = Release|Any CPU
		{3153CA14-72FC-4E69-813E-804796748254}.Debug|Any CPU.ActiveCfg = Debug|Any CPU
		{3153CA14-72FC-4E69-813E-804796748254}.Debug|Any CPU.Build.0 = Debug|Any CPU
		{3153CA14-72FC-4E69-813E-804796748254}.Debug|x64.ActiveCfg = Debug|Any CPU
		{3153CA14-72FC-4E69-813E-804796748254}.Debug|x64.Build.0 = Debug|Any CPU
		{3153CA14-72FC-4E69-813E-804796748254}.Debug|x86.ActiveCfg = Debug|Any CPU
		{3153CA14-72FC-4E69-813E-804796748254}.Debug|x86.Build.0 = Debug|Any CPU
		{3153CA14-72FC-4E69-813E-804796748254}.Release|Any CPU.ActiveCfg = Release|Any CPU
		{3153CA14-72FC-4E69-813E-804796748254}.Release|Any CPU.Build.0 = Release|Any CPU
		{3153CA14-72FC-4E69-813E-804796748254}.Release|x64.ActiveCfg = Release|Any CPU
		{3153CA14-72FC-4E69-813E-804796748254}.Release|x64.Build.0 = Release|Any CPU
		{3153CA14-72FC-4E69-813E-804796748254}.Release|x86.ActiveCfg = Release|Any CPU
		{3153CA14-72FC-4E69-813E-804796748254}.Release|x86.Build.0 = Release|Any CPU
		{42BEB022-027C-4B6A-8AF0-BA3D4CF3FEB3}.Debug|Any CPU.ActiveCfg = Debug|Any CPU
		{42BEB022-027C-4B6A-8AF0-BA3D4CF3FEB3}.Debug|Any CPU.Build.0 = Debug|Any CPU
		{42BEB022-027C-4B6A-8AF0-BA3D4CF3FEB3}.Debug|x64.ActiveCfg = Debug|Any CPU
		{42BEB022-027C-4B6A-8AF0-BA3D4CF3FEB3}.Debug|x64.Build.0 = Debug|Any CPU
		{42BEB022-027C-4B6A-8AF0-BA3D4CF3FEB3}.Debug|x86.ActiveCfg = Debug|Any CPU
		{42BEB022-027C-4B6A-8AF0-BA3D4CF3FEB3}.Debug|x86.Build.0 = Debug|Any CPU
		{42BEB022-027C-4B6A-8AF0-BA3D4CF3FEB3}.Release|Any CPU.ActiveCfg = Release|Any CPU
		{42BEB022-027C-4B6A-8AF0-BA3D4CF3FEB3}.Release|Any CPU.Build.0 = Release|Any CPU
		{42BEB022-027C-4B6A-8AF0-BA3D4CF3FEB3}.Release|x64.ActiveCfg = Release|Any CPU
		{42BEB022-027C-4B6A-8AF0-BA3D4CF3FEB3}.Release|x64.Build.0 = Release|Any CPU
		{42BEB022-027C-4B6A-8AF0-BA3D4CF3FEB3}.Release|x86.ActiveCfg = Release|Any CPU
		{42BEB022-027C-4B6A-8AF0-BA3D4CF3FEB3}.Release|x86.Build.0 = Release|Any CPU
		{AEF9AEF2-AF63-4564-A24A-C5D3674570ED}.Debug|Any CPU.ActiveCfg = Debug|Any CPU
		{AEF9AEF2-AF63-4564-A24A-C5D3674570ED}.Debug|Any CPU.Build.0 = Debug|Any CPU
		{AEF9AEF2-AF63-4564-A24A-C5D3674570ED}.Debug|x64.ActiveCfg = Debug|Any CPU
		{AEF9AEF2-AF63-4564-A24A-C5D3674570ED}.Debug|x64.Build.0 = Debug|Any CPU
		{AEF9AEF2-AF63-4564-A24A-C5D3674570ED}.Debug|x86.ActiveCfg = Debug|Any CPU
		{AEF9AEF2-AF63-4564-A24A-C5D3674570ED}.Debug|x86.Build.0 = Debug|Any CPU
		{AEF9AEF2-AF63-4564-A24A-C5D3674570ED}.Release|Any CPU.ActiveCfg = Release|Any CPU
		{AEF9AEF2-AF63-4564-A24A-C5D3674570ED}.Release|Any CPU.Build.0 = Release|Any CPU
		{AEF9AEF2-AF63-4564-A24A-C5D3674570ED}.Release|x64.ActiveCfg = Release|Any CPU
		{AEF9AEF2-AF63-4564-A24A-C5D3674570ED}.Release|x64.Build.0 = Release|Any CPU
		{AEF9AEF2-AF63-4564-A24A-C5D3674570ED}.Release|x86.ActiveCfg = Release|Any CPU
		{AEF9AEF2-AF63-4564-A24A-C5D3674570ED}.Release|x86.Build.0 = Release|Any CPU
		{0DB92DCD-D5AA-4E7C-BFE5-8F4C3208585D}.Debug|Any CPU.ActiveCfg = Debug|Any CPU
		{0DB92DCD-D5AA-4E7C-BFE5-8F4C3208585D}.Debug|Any CPU.Build.0 = Debug|Any CPU
		{0DB92DCD-D5AA-4E7C-BFE5-8F4C3208585D}.Debug|x64.ActiveCfg = Debug|Any CPU
		{0DB92DCD-D5AA-4E7C-BFE5-8F4C3208585D}.Debug|x64.Build.0 = Debug|Any CPU
		{0DB92DCD-D5AA-4E7C-BFE5-8F4C3208585D}.Debug|x86.ActiveCfg = Debug|Any CPU
		{0DB92DCD-D5AA-4E7C-BFE5-8F4C3208585D}.Debug|x86.Build.0 = Debug|Any CPU
		{0DB92DCD-D5AA-4E7C-BFE5-8F4C3208585D}.Release|Any CPU.ActiveCfg = Release|Any CPU
		{0DB92DCD-D5AA-4E7C-BFE5-8F4C3208585D}.Release|Any CPU.Build.0 = Release|Any CPU
		{0DB92DCD-D5AA-4E7C-BFE5-8F4C3208585D}.Release|x64.ActiveCfg = Release|Any CPU
		{0DB92DCD-D5AA-4E7C-BFE5-8F4C3208585D}.Release|x64.Build.0 = Release|Any CPU
		{0DB92DCD-D5AA-4E7C-BFE5-8F4C3208585D}.Release|x86.ActiveCfg = Release|Any CPU
		{0DB92DCD-D5AA-4E7C-BFE5-8F4C3208585D}.Release|x86.Build.0 = Release|Any CPU
		{4AE5079A-A0CE-4A4F-AD28-A3F5E420EDD3}.Debug|Any CPU.ActiveCfg = Debug|Any CPU
		{4AE5079A-A0CE-4A4F-AD28-A3F5E420EDD3}.Debug|Any CPU.Build.0 = Debug|Any CPU
		{4AE5079A-A0CE-4A4F-AD28-A3F5E420EDD3}.Debug|x64.ActiveCfg = Debug|Any CPU
		{4AE5079A-A0CE-4A4F-AD28-A3F5E420EDD3}.Debug|x64.Build.0 = Debug|Any CPU
		{4AE5079A-A0CE-4A4F-AD28-A3F5E420EDD3}.Debug|x86.ActiveCfg = Debug|Any CPU
		{4AE5079A-A0CE-4A4F-AD28-A3F5E420EDD3}.Debug|x86.Build.0 = Debug|Any CPU
		{4AE5079A-A0CE-4A4F-AD28-A3F5E420EDD3}.Release|Any CPU.ActiveCfg = Release|Any CPU
		{4AE5079A-A0CE-4A4F-AD28-A3F5E420EDD3}.Release|Any CPU.Build.0 = Release|Any CPU
		{4AE5079A-A0CE-4A4F-AD28-A3F5E420EDD3}.Release|x64.ActiveCfg = Release|Any CPU
		{4AE5079A-A0CE-4A4F-AD28-A3F5E420EDD3}.Release|x64.Build.0 = Release|Any CPU
		{4AE5079A-A0CE-4A4F-AD28-A3F5E420EDD3}.Release|x86.ActiveCfg = Release|Any CPU
		{4AE5079A-A0CE-4A4F-AD28-A3F5E420EDD3}.Release|x86.Build.0 = Release|Any CPU
		{DCC1B7CD-1D53-4777-8533-DDCFB6E0441D}.Debug|Any CPU.ActiveCfg = Debug|Any CPU
		{DCC1B7CD-1D53-4777-8533-DDCFB6E0441D}.Debug|Any CPU.Build.0 = Debug|Any CPU
		{DCC1B7CD-1D53-4777-8533-DDCFB6E0441D}.Debug|x64.ActiveCfg = Debug|Any CPU
		{DCC1B7CD-1D53-4777-8533-DDCFB6E0441D}.Debug|x64.Build.0 = Debug|Any CPU
		{DCC1B7CD-1D53-4777-8533-DDCFB6E0441D}.Debug|x86.ActiveCfg = Debug|Any CPU
		{DCC1B7CD-1D53-4777-8533-DDCFB6E0441D}.Debug|x86.Build.0 = Debug|Any CPU
		{DCC1B7CD-1D53-4777-8533-DDCFB6E0441D}.Release|Any CPU.ActiveCfg = Release|Any CPU
		{DCC1B7CD-1D53-4777-8533-DDCFB6E0441D}.Release|Any CPU.Build.0 = Release|Any CPU
		{DCC1B7CD-1D53-4777-8533-DDCFB6E0441D}.Release|x64.ActiveCfg = Release|Any CPU
		{DCC1B7CD-1D53-4777-8533-DDCFB6E0441D}.Release|x64.Build.0 = Release|Any CPU
		{DCC1B7CD-1D53-4777-8533-DDCFB6E0441D}.Release|x86.ActiveCfg = Release|Any CPU
		{DCC1B7CD-1D53-4777-8533-DDCFB6E0441D}.Release|x86.Build.0 = Release|Any CPU
		{0805B202-2FE2-4553-B462-7DBB780021CD}.Debug|Any CPU.ActiveCfg = Debug|Any CPU
		{0805B202-2FE2-4553-B462-7DBB780021CD}.Debug|Any CPU.Build.0 = Debug|Any CPU
		{0805B202-2FE2-4553-B462-7DBB780021CD}.Debug|x64.ActiveCfg = Debug|Any CPU
		{0805B202-2FE2-4553-B462-7DBB780021CD}.Debug|x64.Build.0 = Debug|Any CPU
		{0805B202-2FE2-4553-B462-7DBB780021CD}.Debug|x86.ActiveCfg = Debug|Any CPU
		{0805B202-2FE2-4553-B462-7DBB780021CD}.Debug|x86.Build.0 = Debug|Any CPU
		{0805B202-2FE2-4553-B462-7DBB780021CD}.Release|Any CPU.ActiveCfg = Release|Any CPU
		{0805B202-2FE2-4553-B462-7DBB780021CD}.Release|Any CPU.Build.0 = Release|Any CPU
		{0805B202-2FE2-4553-B462-7DBB780021CD}.Release|x64.ActiveCfg = Release|Any CPU
		{0805B202-2FE2-4553-B462-7DBB780021CD}.Release|x64.Build.0 = Release|Any CPU
		{0805B202-2FE2-4553-B462-7DBB780021CD}.Release|x86.ActiveCfg = Release|Any CPU
		{0805B202-2FE2-4553-B462-7DBB780021CD}.Release|x86.Build.0 = Release|Any CPU
		{32BDECE3-9852-4411-9EC8-FB6E12DA5EA5}.Debug|Any CPU.ActiveCfg = Debug|Any CPU
		{32BDECE3-9852-4411-9EC8-FB6E12DA5EA5}.Debug|Any CPU.Build.0 = Debug|Any CPU
		{32BDECE3-9852-4411-9EC8-FB6E12DA5EA5}.Debug|x64.ActiveCfg = Debug|Any CPU
		{32BDECE3-9852-4411-9EC8-FB6E12DA5EA5}.Debug|x64.Build.0 = Debug|Any CPU
		{32BDECE3-9852-4411-9EC8-FB6E12DA5EA5}.Debug|x86.ActiveCfg = Debug|Any CPU
		{32BDECE3-9852-4411-9EC8-FB6E12DA5EA5}.Debug|x86.Build.0 = Debug|Any CPU
		{32BDECE3-9852-4411-9EC8-FB6E12DA5EA5}.Release|Any CPU.ActiveCfg = Release|Any CPU
		{32BDECE3-9852-4411-9EC8-FB6E12DA5EA5}.Release|Any CPU.Build.0 = Release|Any CPU
		{32BDECE3-9852-4411-9EC8-FB6E12DA5EA5}.Release|x64.ActiveCfg = Release|Any CPU
		{32BDECE3-9852-4411-9EC8-FB6E12DA5EA5}.Release|x64.Build.0 = Release|Any CPU
		{32BDECE3-9852-4411-9EC8-FB6E12DA5EA5}.Release|x86.ActiveCfg = Release|Any CPU
		{32BDECE3-9852-4411-9EC8-FB6E12DA5EA5}.Release|x86.Build.0 = Release|Any CPU
		{87E24910-8D9D-4FCB-A700-5EF91C7DF8A2}.Debug|Any CPU.ActiveCfg = Debug|Any CPU
		{87E24910-8D9D-4FCB-A700-5EF91C7DF8A2}.Debug|Any CPU.Build.0 = Debug|Any CPU
		{87E24910-8D9D-4FCB-A700-5EF91C7DF8A2}.Debug|x64.ActiveCfg = Debug|Any CPU
		{87E24910-8D9D-4FCB-A700-5EF91C7DF8A2}.Debug|x64.Build.0 = Debug|Any CPU
		{87E24910-8D9D-4FCB-A700-5EF91C7DF8A2}.Debug|x86.ActiveCfg = Debug|Any CPU
		{87E24910-8D9D-4FCB-A700-5EF91C7DF8A2}.Debug|x86.Build.0 = Debug|Any CPU
		{87E24910-8D9D-4FCB-A700-5EF91C7DF8A2}.Release|Any CPU.ActiveCfg = Release|Any CPU
		{87E24910-8D9D-4FCB-A700-5EF91C7DF8A2}.Release|Any CPU.Build.0 = Release|Any CPU
		{87E24910-8D9D-4FCB-A700-5EF91C7DF8A2}.Release|x64.ActiveCfg = Release|Any CPU
		{87E24910-8D9D-4FCB-A700-5EF91C7DF8A2}.Release|x64.Build.0 = Release|Any CPU
		{87E24910-8D9D-4FCB-A700-5EF91C7DF8A2}.Release|x86.ActiveCfg = Release|Any CPU
		{87E24910-8D9D-4FCB-A700-5EF91C7DF8A2}.Release|x86.Build.0 = Release|Any CPU
	EndGlobalSection
	GlobalSection(SolutionProperties) = preSolution
		HideSolutionNode = FALSE
	EndGlobalSection
	GlobalSection(ExtensibilityGlobals) = postSolution
		SolutionGuid = {37329283-4862-4A16-83BE-8317E0C1816D}
	EndGlobalSection
	GlobalSection(Performance) = preSolution
		HasPerformanceSessions = true
	EndGlobalSection
EndGlobal
