
Microsoft Visual Studio Solution File, Format Version 12.00
# Visual Studio 15
VisualStudioVersion = 15.0.27705.2000
MinimumVisualStudioVersion = 10.0.40219.1
Project("{FAE04EC0-301F-11D3-BF4B-00C04F79EFBC}") = "NetCoreDemo", "NetCoreDemo\NetCoreDemo.csproj", "{DF69F2A1-3359-4642-AA11-4432E26BD024}"
EndProject
Global
	GlobalSection(SolutionConfigurationPlatforms) = preSolution
		Debug|Any CPU = Debug|Any CPU
		Release|Any CPU = Release|Any CPU
	EndGlobalSection
	GlobalSection(ProjectConfigurationPlatforms) = postSolution
		{DF69F2A1-3359-4642-AA11-4432E26BD024}.Debug|Any CPU.ActiveCfg = Debug|Any CPU
		{DF69F2A1-3359-4642-AA11-4432E26BD024}.Debug|Any CPU.Build.0 = Debug|Any CPU
		{DF69F2A1-3359-4642-AA11-4432E26BD024}.Release|Any CPU.ActiveCfg = Release|Any CPU
		{DF69F2A1-3359-4642-AA11-4432E26BD024}.Release|Any CPU.Build.0 = Release|Any CPU
	EndGlobalSection
	GlobalSection(SolutionProperties) = preSolution
		HideSolutionNode = FALSE
	EndGlobalSection
	GlobalSection(ExtensibilityGlobals) = postSolution
		SolutionGuid = {C9A71F83-904E-4921-91D3-BB14ADC7A86E}
	EndGlobalSection
EndGlobal
