
Microsoft Visual Studio Solution File, Format Version 12.00
# Visual Studio 15
VisualStudioVersion = 15.0.26906.1
MinimumVisualStudioVersion = 10.0.40219.1
Project("{9A19103F-16F7-4668-BE54-9A1E7A4F7556}") = "app", "app.csproj", "{4D4BE843-01AE-447A-BB44-230FADC463A0}"
EndProject
Global
	GlobalSection(SolutionConfigurationPlatforms) = preSolution
		Debug|Any CPU = Debug|Any CPU
		Release|Any CPU = Release|Any CPU
	EndGlobalSection
	GlobalSection(ProjectConfigurationPlatforms) = postSolution
		{4D4BE843-01AE-447A-BB44-230FADC463A0}.Debug|Any CPU.ActiveCfg = Debug|Any CPU
		{4D4BE843-01AE-447A-BB44-230FADC463A0}.Debug|Any CPU.Build.0 = Debug|Any CPU
		{4D4BE843-01AE-447A-BB44-230FADC463A0}.Release|Any CPU.ActiveCfg = Release|Any CPU
		{4D4BE843-01AE-447A-BB44-230FADC463A0}.Release|Any CPU.Build.0 = Release|Any CPU
	EndGlobalSection
	GlobalSection(SolutionProperties) = preSolution
		HideSolutionNode = FALSE
	EndGlobalSection
	GlobalSection(ExtensibilityGlobals) = postSolution
		SolutionGuid = {71CE60A7-AF97-4F79-B8EF-EADAB6FDB726}
	EndGlobalSection
EndGlobal
