
Microsoft Visual Studio Solution File, Format Version 12.00
# Visual Studio 14
VisualStudioVersion = 14.0.25420.1
MinimumVisualStudioVersion = 10.0.40219.1
Project("{2150E333-8FDC-42A3-9474-1A3956D46DE8}") = "src", "src", "{4F831B09-3C19-45C7-BD5E-22370F4F9D72}"
EndProject
Project("{2150E333-8FDC-42A3-9474-1A3956D46DE8}") = "Solution Items", "Solution Items", "{03FAACC7-13CC-426F-9703-CA23A5FBF251}"
	ProjectSection(SolutionItems) = preProject
		global.json = global.json
	EndProjectSection
EndProject
Project("{8BB2217D-0F2D-49D1-97BC-3654ED321F3B}") = "91-aspnet-angular", "src\91-aspnet-angular\91-aspnet-angular.xproj", "{C0E00DF6-EFA0-4CB4-9635-F350AA238713}"
EndProject
Global
	GlobalSection(SolutionConfigurationPlatforms) = preSolution
		Debug|Any CPU = Debug|Any CPU
		Release|Any CPU = Release|Any CPU
	EndGlobalSection
	GlobalSection(ProjectConfigurationPlatforms) = postSolution
		{C0E00DF6-EFA0-4CB4-9635-F350AA238713}.Debug|Any CPU.ActiveCfg = Debug|Any CPU
		{C0E00DF6-EFA0-4CB4-9635-F350AA238713}.Debug|Any CPU.Build.0 = Debug|Any CPU
		{C0E00DF6-EFA0-4CB4-9635-F350AA238713}.Release|Any CPU.ActiveCfg = Release|Any CPU
		{C0E00DF6-EFA0-4CB4-9635-F350AA238713}.Release|Any CPU.Build.0 = Release|Any CPU
	EndGlobalSection
	GlobalSection(SolutionProperties) = preSolution
		HideSolutionNode = FALSE
	EndGlobalSection
	GlobalSection(NestedProjects) = preSolution
		{C0E00DF6-EFA0-4CB4-9635-F350AA238713} = {4F831B09-3C19-45C7-BD5E-22370F4F9D72}
	EndGlobalSection
EndGlobal
