
Microsoft Visual Studio Solution File, Format Version 12.00
# Visual Studio 15
VisualStudioVersion = 15.0.26114.2
MinimumVisualStudioVersion = 10.0.40219.1
Project("{2150E333-8FDC-42A3-9474-1A3956D46DE8}") = "src", "src", "{4F831B09-3C19-45C7-BD5E-22370F4F9D72}"
EndProject
Project("{FAE04EC0-301F-11D3-BF4B-00C04F79EFBC}") = "91-aspnet-angular", "src\91-aspnet-angular\91-aspnet-angular.csproj", "{C0E00DF6-EFA0-4CB4-9635-F350AA238713}"
EndProject
Global
	GlobalSection(SolutionConfigurationPlatforms) = preSolution
		Debug|Any CPU = Debug|Any CPU
		Release|Any CPU = Release|Any CPU
	EndGlobalSection
	GlobalSection(ProjectConfigurationPlatforms) = postSolution
		{C0E00DF6-EFA0-4CB4-9635-F350AA238713}.Debug|Any CPU.ActiveCfg = Debug|Any CPU
		{C0E00DF6-EFA0-4CB4-9635-F350AA238713}.Debug|Any CPU.Build.0 = Debug|Any CPU
		{C0E00DF6-EFA0-4CB4-9635-F350AA238713}.Release|Any CPU.ActiveCfg = Release|Any CPU
		{C0E00DF6-EFA0-4CB4-9635-F350AA238713}.Release|Any CPU.Build.0 = Release|Any CPU
	EndGlobalSection
	GlobalSection(SolutionProperties) = preSolution
		HideSolutionNode = FALSE
	EndGlobalSection
	GlobalSection(NestedProjects) = preSolution
		{C0E00DF6-EFA0-4CB4-9635-F350AA238713} = {4F831B09-3C19-45C7-BD5E-22370F4F9D72}
	EndGlobalSection
EndGlobal
