
Microsoft Visual Studio Solution File, Format Version 12.00
# Visual Studio Version 17
VisualStudioVersion = 17.0.31903.59
MinimumVisualStudioVersion = 10.0.40219.1
Project("{9A19103F-16F7-4668-BE54-9A1E7A4F7556}") = "RefFields", "RefFields\RefFields.csproj", "{A85FAE62-139C-459F-BFA8-EC06B184EE27}"
EndProject
Project("{9A19103F-16F7-4668-BE54-9A1E7A4F7556}") = "LibImport", "LibImport\LibImport.csproj", "{BF92053E-01A7-437A-B6F0-D5AB96C2BF1F}"
EndProject
Project("{FAE04EC0-301F-11D3-BF4B-00C04F79EFBC}") = "Trimming", "Trimming\Trimming.csproj", "{18FDC2AD-8395-4A06-8694-4DCF53F37591}"
EndProject
Project("{FAE04EC0-301F-11D3-BF4B-00C04F79EFBC}") = "JsonContractCustomization", "JsonContractCustomization\JsonContractCustomization.csproj", "{7B40F8D4-2FDF-4B92-91E5-270AA111654D}"
EndProject
Project("{FAE04EC0-301F-11D3-BF4B-00C04F79EFBC}") = "Regex", "Regex\Regex.csproj", "{325CD542-E71A-41C3-91C2-7280B7E4E121}"
EndProject
Global
	GlobalSection(SolutionConfigurationPlatforms) = preSolution
		Debug|Any CPU = Debug|Any CPU
		Release|Any CPU = Release|Any CPU
	EndGlobalSection
	GlobalSection(ProjectConfigurationPlatforms) = postSolution
		{A85FAE62-139C-459F-BFA8-EC06B184EE27}.Debug|Any CPU.ActiveCfg = Debug|Any CPU
		{A85FAE62-139C-459F-BFA8-EC06B184EE27}.Debug|Any CPU.Build.0 = Debug|Any CPU
		{A85FAE62-139C-459F-BFA8-EC06B184EE27}.Release|Any CPU.ActiveCfg = Release|Any CPU
		{A85FAE62-139C-459F-BFA8-EC06B184EE27}.Release|Any CPU.Build.0 = Release|Any CPU
		{BF92053E-01A7-437A-B6F0-D5AB96C2BF1F}.Debug|Any CPU.ActiveCfg = Debug|Any CPU
		{BF92053E-01A7-437A-B6F0-D5AB96C2BF1F}.Debug|Any CPU.Build.0 = Debug|Any CPU
		{BF92053E-01A7-437A-B6F0-D5AB96C2BF1F}.Release|Any CPU.ActiveCfg = Release|Any CPU
		{BF92053E-01A7-437A-B6F0-D5AB96C2BF1F}.Release|Any CPU.Build.0 = Release|Any CPU
		{18FDC2AD-8395-4A06-8694-4DCF53F37591}.Debug|Any CPU.ActiveCfg = Debug|Any CPU
		{18FDC2AD-8395-4A06-8694-4DCF53F37591}.Debug|Any CPU.Build.0 = Debug|Any CPU
		{18FDC2AD-8395-4A06-8694-4DCF53F37591}.Release|Any CPU.ActiveCfg = Release|Any CPU
		{18FDC2AD-8395-4A06-8694-4DCF53F37591}.Release|Any CPU.Build.0 = Release|Any CPU
		{7B40F8D4-2FDF-4B92-91E5-270AA111654D}.Debug|Any CPU.ActiveCfg = Debug|Any CPU
		{7B40F8D4-2FDF-4B92-91E5-270AA111654D}.Debug|Any CPU.Build.0 = Debug|Any CPU
		{7B40F8D4-2FDF-4B92-91E5-270AA111654D}.Release|Any CPU.ActiveCfg = Release|Any CPU
		{7B40F8D4-2FDF-4B92-91E5-270AA111654D}.Release|Any CPU.Build.0 = Release|Any CPU
		{325CD542-E71A-41C3-91C2-7280B7E4E121}.Debug|Any CPU.ActiveCfg = Debug|Any CPU
		{325CD542-E71A-41C3-91C2-7280B7E4E121}.Debug|Any CPU.Build.0 = Debug|Any CPU
		{325CD542-E71A-41C3-91C2-7280B7E4E121}.Release|Any CPU.ActiveCfg = Release|Any CPU
		{325CD542-E71A-41C3-91C2-7280B7E4E121}.Release|Any CPU.Build.0 = Release|Any CPU
	EndGlobalSection
	GlobalSection(SolutionProperties) = preSolution
		HideSolutionNode = FALSE
	EndGlobalSection
	GlobalSection(ExtensibilityGlobals) = postSolution
		SolutionGuid = {991EB322-95B2-4105-B712-D386CCBDD802}
	EndGlobalSection
EndGlobal
