
Microsoft Visual Studio Solution File, Format Version 12.00
# Visual Studio 2013
VisualStudioVersion = 12.0.30110.0
MinimumVisualStudioVersion = 10.0.40219.1
Project("{FAE04EC0-301F-11D3-BF4B-00C04F79EFBC}") = "Snek.ToolsSample.Logic", "Snek.ToolsSample.Logic\Snek.ToolsSample.Logic.csproj", "{64F63390-94F8-4010-8CFF-BDA604546256}"
EndProject
Project("{00D1A9C2-B5F0-4AF3-8072-F6C62B433612}") = "Snek.ToolsSample.Database", "Snek.ToolsSample.Database\Snek.ToolsSample.Database.sqlproj", "{61178025-1192-43E8-BA73-54805945AD7A}"
EndProject
Project("{FAE04EC0-301F-11D3-BF4B-00C04F79EFBC}") = "Snek.ToolsSample.Tests", "Snek.ToolsSample.Tests\Snek.ToolsSample.Tests.csproj", "{42305AF1-CC70-44E8-BE9F-3AE080261773}"
EndProject
Project("{7CF6DF6D-3B04-46F8-A40B-537D21BCA0B4}") = "Snek.ToolsSample.Doc", "Snek.ToolsSample.Doc\Snek.ToolsSample.Doc.shfbproj", "{2D0731BB-0D8C-40DA-A479-803615AD1486}"
EndProject
Global
	GlobalSection(SolutionConfigurationPlatforms) = preSolution
		Debug|Any CPU = Debug|Any CPU
		Release|Any CPU = Release|Any CPU
	EndGlobalSection
	GlobalSection(ProjectConfigurationPlatforms) = postSolution
		{64F63390-94F8-4010-8CFF-BDA604546256}.Debug|Any CPU.ActiveCfg = Debug|Any CPU
		{64F63390-94F8-4010-8CFF-BDA604546256}.Debug|Any CPU.Build.0 = Debug|Any CPU
		{64F63390-94F8-4010-8CFF-BDA604546256}.Release|Any CPU.ActiveCfg = Release|Any CPU
		{64F63390-94F8-4010-8CFF-BDA604546256}.Release|Any CPU.Build.0 = Release|Any CPU
		{61178025-1192-43E8-BA73-54805945AD7A}.Debug|Any CPU.ActiveCfg = Debug|Any CPU
		{61178025-1192-43E8-BA73-54805945AD7A}.Debug|Any CPU.Build.0 = Debug|Any CPU
		{61178025-1192-43E8-BA73-54805945AD7A}.Debug|Any CPU.Deploy.0 = Debug|Any CPU
		{61178025-1192-43E8-BA73-54805945AD7A}.Release|Any CPU.ActiveCfg = Release|Any CPU
		{61178025-1192-43E8-BA73-54805945AD7A}.Release|Any CPU.Build.0 = Release|Any CPU
		{61178025-1192-43E8-BA73-54805945AD7A}.Release|Any CPU.Deploy.0 = Release|Any CPU
		{42305AF1-CC70-44E8-BE9F-3AE080261773}.Debug|Any CPU.ActiveCfg = Debug|Any CPU
		{42305AF1-CC70-44E8-BE9F-3AE080261773}.Debug|Any CPU.Build.0 = Debug|Any CPU
		{42305AF1-CC70-44E8-BE9F-3AE080261773}.Release|Any CPU.ActiveCfg = Release|Any CPU
		{42305AF1-CC70-44E8-BE9F-3AE080261773}.Release|Any CPU.Build.0 = Release|Any CPU
		{2D0731BB-0D8C-40DA-A479-803615AD1486}.Debug|Any CPU.ActiveCfg = Debug|Any CPU
		{2D0731BB-0D8C-40DA-A479-803615AD1486}.Release|Any CPU.ActiveCfg = Release|Any CPU
		{2D0731BB-0D8C-40DA-A479-803615AD1486}.Release|Any CPU.Build.0 = Release|Any CPU
	EndGlobalSection
	GlobalSection(SolutionProperties) = preSolution
		HideSolutionNode = FALSE
	EndGlobalSection
EndGlobal
