
Microsoft Visual Studio Solution File, Format Version 12.00
# Visual Studio 15
VisualStudioVersion = 15.0.28107.0
MinimumVisualStudioVersion = 10.0.40219.1
Project("{FAE04EC0-301F-11D3-BF4B-00C04F79EFBC}") = "Span", "Span.csproj", "{D0807408-32ED-4377-8672-156EAEAAEC19}"
EndProject
Global
	GlobalSection(SolutionConfigurationPlatforms) = preSolution
		Debug|Any CPU = Debug|Any CPU
		Release|Any CPU = Release|Any CPU
	EndGlobalSection
	GlobalSection(ProjectConfigurationPlatforms) = postSolution
		{D0807408-32ED-4377-8672-156EAEAAEC19}.Debug|Any CPU.ActiveCfg = Debug|Any CPU
		{D0807408-32ED-4377-8672-156EAEAAEC19}.Debug|Any CPU.Build.0 = Debug|Any CPU
		{D0807408-32ED-4377-8672-156EAEAAEC19}.Release|Any CPU.ActiveCfg = Release|Any CPU
		{D0807408-32ED-4377-8672-156EAEAAEC19}.Release|Any CPU.Build.0 = Release|Any CPU
	EndGlobalSection
	GlobalSection(SolutionProperties) = preSolution
		HideSolutionNode = FALSE
	EndGlobalSection
	GlobalSection(ExtensibilityGlobals) = postSolution
		SolutionGuid = {FA5C2D6F-9DD4-4811-9FC4-E8ED1EF75F0C}
	EndGlobalSection
EndGlobal
