
Microsoft Visual Studio Solution File, Format Version 12.00
# Visual Studio Version 16
VisualStudioVersion = 16.0.30114.128
MinimumVisualStudioVersion = 10.0.40219.1
Project("{9A19103F-16F7-4668-BE54-9A1E7A4F7556}") = "RoslynDemos.SyntaxTree", "RoslynDemos.SyntaxTree\RoslynDemos.SyntaxTree.csproj", "{7DAA174F-572A-4965-BED6-ED66E7DA24D3}"
EndProject
Project("{FAE04EC0-301F-11D3-BF4B-00C04F79EFBC}") = "RoslynDemos.Compilation", "RoslynDemos.Compilation\RoslynDemos.Compilation.csproj", "{A84AB5FE-E6CC-424B-BB81-CE4ECCEB2EB2}"
EndProject
Project("{FAE04EC0-301F-11D3-BF4B-00C04F79EFBC}") = "RoslynDemos.SemanticModel", "RoslynDemos.SemanticModel\RoslynDemos.SemanticModel.csproj", "{66504A62-929C-48D1-85F5-BD4615B24D5A}"
EndProject
Project("{FAE04EC0-301F-11D3-BF4B-00C04F79EFBC}") = "CompanyNameAnalyzer", "CompanyNameAnalyzer\CompanyNameAnalyzer\CompanyNameAnalyzer.csproj", "{62DFCFEA-5D34-4850-8471-ED53A2B6C473}"
EndProject
Project("{FAE04EC0-301F-11D3-BF4B-00C04F79EFBC}") = "CompanyNameAnalyzer.Vsix", "CompanyNameAnalyzer\CompanyNameAnalyzer.Vsix\CompanyNameAnalyzer.Vsix.csproj", "{FF11C697-5B30-401F-B317-EE7A1630F515}"
EndProject
Global
	GlobalSection(SolutionConfigurationPlatforms) = preSolution
		Debug|Any CPU = Debug|Any CPU
		Release|Any CPU = Release|Any CPU
	EndGlobalSection
	GlobalSection(ProjectConfigurationPlatforms) = postSolution
		{7DAA174F-572A-4965-BED6-ED66E7DA24D3}.Debug|Any CPU.ActiveCfg = Debug|Any CPU
		{7DAA174F-572A-4965-BED6-ED66E7DA24D3}.Debug|Any CPU.Build.0 = Debug|Any CPU
		{7DAA174F-572A-4965-BED6-ED66E7DA24D3}.Release|Any CPU.ActiveCfg = Release|Any CPU
		{7DAA174F-572A-4965-BED6-ED66E7DA24D3}.Release|Any CPU.Build.0 = Release|Any CPU
		{A84AB5FE-E6CC-424B-BB81-CE4ECCEB2EB2}.Debug|Any CPU.ActiveCfg = Debug|Any CPU
		{A84AB5FE-E6CC-424B-BB81-CE4ECCEB2EB2}.Debug|Any CPU.Build.0 = Debug|Any CPU
		{A84AB5FE-E6CC-424B-BB81-CE4ECCEB2EB2}.Release|Any CPU.ActiveCfg = Release|Any CPU
		{A84AB5FE-E6CC-424B-BB81-CE4ECCEB2EB2}.Release|Any CPU.Build.0 = Release|Any CPU
		{66504A62-929C-48D1-85F5-BD4615B24D5A}.Debug|Any CPU.ActiveCfg = Debug|Any CPU
		{66504A62-929C-48D1-85F5-BD4615B24D5A}.Debug|Any CPU.Build.0 = Debug|Any CPU
		{66504A62-929C-48D1-85F5-BD4615B24D5A}.Release|Any CPU.ActiveCfg = Release|Any CPU
		{66504A62-929C-48D1-85F5-BD4615B24D5A}.Release|Any CPU.Build.0 = Release|Any CPU
		{62DFCFEA-5D34-4850-8471-ED53A2B6C473}.Debug|Any CPU.ActiveCfg = Debug|Any CPU
		{62DFCFEA-5D34-4850-8471-ED53A2B6C473}.Debug|Any CPU.Build.0 = Debug|Any CPU
		{62DFCFEA-5D34-4850-8471-ED53A2B6C473}.Release|Any CPU.ActiveCfg = Release|Any CPU
		{62DFCFEA-5D34-4850-8471-ED53A2B6C473}.Release|Any CPU.Build.0 = Release|Any CPU
		{FF11C697-5B30-401F-B317-EE7A1630F515}.Debug|Any CPU.ActiveCfg = Debug|Any CPU
		{FF11C697-5B30-401F-B317-EE7A1630F515}.Debug|Any CPU.Build.0 = Debug|Any CPU
		{FF11C697-5B30-401F-B317-EE7A1630F515}.Release|Any CPU.ActiveCfg = Release|Any CPU
		{FF11C697-5B30-401F-B317-EE7A1630F515}.Release|Any CPU.Build.0 = Release|Any CPU
	EndGlobalSection
	GlobalSection(SolutionProperties) = preSolution
		HideSolutionNode = FALSE
	EndGlobalSection
	GlobalSection(ExtensibilityGlobals) = postSolution
		SolutionGuid = {43F8C7AF-117B-45DA-B3CA-979620CF9F59}
	EndGlobalSection
EndGlobal
