
Microsoft Visual Studio Solution File, Format Version 12.00
# Visual Studio Version 16
VisualStudioVersion = 16.0.29306.81
MinimumVisualStudioVersion = 10.0.40219.1
Project("{FAE04EC0-301F-11D3-BF4B-00C04F79EFBC}") = "TrafficMonitorFunctionApp", "TrafficMonitorFunctionApp\TrafficMonitorFunctionApp.csproj", "{EAEB7744-03D5-4A51-9E8F-DDA9C881E931}"
EndProject
Global
	GlobalSection(SolutionConfigurationPlatforms) = preSolution
		Debug|Any CPU = Debug|Any CPU
		Release|Any CPU = Release|Any CPU
	EndGlobalSection
	GlobalSection(ProjectConfigurationPlatforms) = postSolution
		{EAEB7744-03D5-4A51-9E8F-DDA9C881E931}.Debug|Any CPU.ActiveCfg = Debug|Any CPU
		{EAEB7744-03D5-4A51-9E8F-DDA9C881E931}.Debug|Any CPU.Build.0 = Debug|Any CPU
		{EAEB7744-03D5-4A51-9E8F-DDA9C881E931}.Release|Any CPU.ActiveCfg = Release|Any CPU
		{EAEB7744-03D5-4A51-9E8F-DDA9C881E931}.Release|Any CPU.Build.0 = Release|Any CPU
	EndGlobalSection
	GlobalSection(SolutionProperties) = preSolution
		HideSolutionNode = FALSE
	EndGlobalSection
	GlobalSection(ExtensibilityGlobals) = postSolution
		SolutionGuid = {69CAA77F-126A-459F-B2DA-50F15EBF914B}
	EndGlobalSection
EndGlobal
