
Microsoft Visual Studio Solution File, Format Version 12.00
# Visual Studio 15
VisualStudioVersion = 15.0.28218.60
MinimumVisualStudioVersion = 10.0.40219.1
Project("{FAE04EC0-301F-11D3-BF4B-00C04F79EFBC}") = "PolygonDesigner", "PolygonDesigner\PolygonDesigner.csproj", "{4F66AFB3-0722-42A5-90DA-D44755E75FE4}"
EndProject
Project("{9A19103F-16F7-4668-BE54-9A1E7A4F7556}") = "Polygon.Core", "Polygon.Core\Polygon.Core.csproj", "{121ECCD9-B729-4428-96E7-DD5E22FDDC65}"
EndProject
Project("{9A19103F-16F7-4668-BE54-9A1E7A4F7556}") = "Polygon.Core.Tests", "Polygon.Core.Tests\Polygon.Core.Tests.csproj", "{32D5E343-0A25-4DF7-A03A-AAD1A47CB1F2}"
EndProject
Project("{9A19103F-16F7-4668-BE54-9A1E7A4F7556}") = "PolygonDesigner.ViewLogic", "PolygonDesigner.ViewLogic\PolygonDesigner.ViewLogic.csproj", "{2390C520-7CA9-44D7-B2B8-9EA2F9562346}"
EndProject
Project("{FAE04EC0-301F-11D3-BF4B-00C04F79EFBC}") = "PolygonDesigner.ViewLogic.Tests", "PolygonDesigner.ViewLogic.Tests\PolygonDesigner.ViewLogic.Tests.csproj", "{2835522E-DDF3-4EDF-B4D4-4542D03EA0A3}"
EndProject
Global
	GlobalSection(SolutionConfigurationPlatforms) = preSolution
		Debug|Any CPU = Debug|Any CPU
		Release|Any CPU = Release|Any CPU
	EndGlobalSection
	GlobalSection(ProjectConfigurationPlatforms) = postSolution
		{4F66AFB3-0722-42A5-90DA-D44755E75FE4}.Debug|Any CPU.ActiveCfg = Debug|Any CPU
		{4F66AFB3-0722-42A5-90DA-D44755E75FE4}.Debug|Any CPU.Build.0 = Debug|Any CPU
		{4F66AFB3-0722-42A5-90DA-D44755E75FE4}.Release|Any CPU.ActiveCfg = Release|Any CPU
		{4F66AFB3-0722-42A5-90DA-D44755E75FE4}.Release|Any CPU.Build.0 = Release|Any CPU
		{121ECCD9-B729-4428-96E7-DD5E22FDDC65}.Debug|Any CPU.ActiveCfg = Debug|Any CPU
		{121ECCD9-B729-4428-96E7-DD5E22FDDC65}.Debug|Any CPU.Build.0 = Debug|Any CPU
		{121ECCD9-B729-4428-96E7-DD5E22FDDC65}.Release|Any CPU.ActiveCfg = Release|Any CPU
		{121ECCD9-B729-4428-96E7-DD5E22FDDC65}.Release|Any CPU.Build.0 = Release|Any CPU
		{32D5E343-0A25-4DF7-A03A-AAD1A47CB1F2}.Debug|Any CPU.ActiveCfg = Debug|Any CPU
		{32D5E343-0A25-4DF7-A03A-AAD1A47CB1F2}.Debug|Any CPU.Build.0 = Debug|Any CPU
		{32D5E343-0A25-4DF7-A03A-AAD1A47CB1F2}.Release|Any CPU.ActiveCfg = Release|Any CPU
		{32D5E343-0A25-4DF7-A03A-AAD1A47CB1F2}.Release|Any CPU.Build.0 = Release|Any CPU
		{2390C520-7CA9-44D7-B2B8-9EA2F9562346}.Debug|Any CPU.ActiveCfg = Debug|Any CPU
		{2390C520-7CA9-44D7-B2B8-9EA2F9562346}.Debug|Any CPU.Build.0 = Debug|Any CPU
		{2390C520-7CA9-44D7-B2B8-9EA2F9562346}.Release|Any CPU.ActiveCfg = Release|Any CPU
		{2390C520-7CA9-44D7-B2B8-9EA2F9562346}.Release|Any CPU.Build.0 = Release|Any CPU
		{2835522E-DDF3-4EDF-B4D4-4542D03EA0A3}.Debug|Any CPU.ActiveCfg = Debug|Any CPU
		{2835522E-DDF3-4EDF-B4D4-4542D03EA0A3}.Debug|Any CPU.Build.0 = Debug|Any CPU
		{2835522E-DDF3-4EDF-B4D4-4542D03EA0A3}.Release|Any CPU.ActiveCfg = Release|Any CPU
		{2835522E-DDF3-4EDF-B4D4-4542D03EA0A3}.Release|Any CPU.Build.0 = Release|Any CPU
	EndGlobalSection
	GlobalSection(SolutionProperties) = preSolution
		HideSolutionNode = FALSE
	EndGlobalSection
	GlobalSection(ExtensibilityGlobals) = postSolution
		SolutionGuid = {7F19146F-AA8C-4892-9F14-71DC8EA5CADE}
	EndGlobalSection
EndGlobal
