
Microsoft Visual Studio Solution File, Format Version 12.00
# Visual Studio Version 16
VisualStudioVersion = 16.0.30516.212
MinimumVisualStudioVersion = 10.0.40219.1
Project("{9A19103F-16F7-4668-BE54-9A1E7A4F7556}") = "PingPong", "PingPong\PingPong.csproj", "{8A2C9143-4D69-4F27-90FD-8E07097FC534}"
EndProject
Project("{FAE04EC0-301F-11D3-BF4B-00C04F79EFBC}") = "Frontend", "Frontend\Frontend.csproj", "{86262028-254C-4901-8904-A2D878AFECC8}"
EndProject
Global
	GlobalSection(SolutionConfigurationPlatforms) = preSolution
		Debug|Any CPU = Debug|Any CPU
		Release|Any CPU = Release|Any CPU
	EndGlobalSection
	GlobalSection(ProjectConfigurationPlatforms) = postSolution
		{8A2C9143-4D69-4F27-90FD-8E07097FC534}.Debug|Any CPU.ActiveCfg = Debug|Any CPU
		{8A2C9143-4D69-4F27-90FD-8E07097FC534}.Debug|Any CPU.Build.0 = Debug|Any CPU
		{8A2C9143-4D69-4F27-90FD-8E07097FC534}.Release|Any CPU.ActiveCfg = Release|Any CPU
		{8A2C9143-4D69-4F27-90FD-8E07097FC534}.Release|Any CPU.Build.0 = Release|Any CPU
		{86262028-254C-4901-8904-A2D878AFECC8}.Debug|Any CPU.ActiveCfg = Debug|Any CPU
		{86262028-254C-4901-8904-A2D878AFECC8}.Debug|Any CPU.Build.0 = Debug|Any CPU
		{86262028-254C-4901-8904-A2D878AFECC8}.Release|Any CPU.ActiveCfg = Release|Any CPU
		{86262028-254C-4901-8904-A2D878AFECC8}.Release|Any CPU.Build.0 = Release|Any CPU
	EndGlobalSection
	GlobalSection(SolutionProperties) = preSolution
		HideSolutionNode = FALSE
	EndGlobalSection
	GlobalSection(ExtensibilityGlobals) = postSolution
		SolutionGuid = {698A950B-3FAB-4F78-8389-03D74BC530C9}
	EndGlobalSection
EndGlobal
