
Microsoft Visual Studio Solution File, Format Version 12.00
# Visual Studio Version 16
VisualStudioVersion = 16.0.30709.64
MinimumVisualStudioVersion = 10.0.40219.1
Project("{FAE04EC0-301F-11D3-BF4B-00C04F79EFBC}") = "BlobReaderFunctionAppPrivate", "BlobReaderFunctionAppPrivate.csproj", "{6A3C8D0F-C9C4-4C1C-95F5-D9C802AF18B7}"
EndProject
Global
	GlobalSection(SolutionConfigurationPlatforms) = preSolution
		Debug|Any CPU = Debug|Any CPU
		Release|Any CPU = Release|Any CPU
	EndGlobalSection
	GlobalSection(ProjectConfigurationPlatforms) = postSolution
		{6A3C8D0F-C9C4-4C1C-95F5-D9C802AF18B7}.Debug|Any CPU.ActiveCfg = Debug|Any CPU
		{6A3C8D0F-C9C4-4C1C-95F5-D9C802AF18B7}.Debug|Any CPU.Build.0 = Debug|Any CPU
		{6A3C8D0F-C9C4-4C1C-95F5-D9C802AF18B7}.Release|Any CPU.ActiveCfg = Release|Any CPU
		{6A3C8D0F-C9C4-4C1C-95F5-D9C802AF18B7}.Release|Any CPU.Build.0 = Release|Any CPU
	EndGlobalSection
	GlobalSection(SolutionProperties) = preSolution
		HideSolutionNode = FALSE
	EndGlobalSection
	GlobalSection(ExtensibilityGlobals) = postSolution
		SolutionGuid = {F085889D-095F-4430-90F6-1A63A720F4B4}
	EndGlobalSection
EndGlobal
