
Microsoft Visual Studio Solution File, Format Version 12.00
# Visual Studio Version 17
VisualStudioVersion = 17.0.31903.59
MinimumVisualStudioVersion = 10.0.40219.1
Project("{FAE04EC0-301F-11D3-BF4B-00C04F79EFBC}") = "Fireworks2", "Fireworks\Fireworks2.csproj", "{EADEEE84-66EB-4F02-A398-7E7DA668985C}"
EndProject
Project("{FAE04EC0-301F-11D3-BF4B-00C04F79EFBC}") = "Fireworks.Tests", "Fireworks.Tests\Fireworks.Tests.csproj", "{F5490FB0-550C-4C27-A024-24D39F0C5CD4}"
EndProject
Global
	GlobalSection(SolutionConfigurationPlatforms) = preSolution
		Debug|Any CPU = Debug|Any CPU
		Release|Any CPU = Release|Any CPU
	EndGlobalSection
	GlobalSection(SolutionProperties) = preSolution
		HideSolutionNode = FALSE
	EndGlobalSection
	GlobalSection(ProjectConfigurationPlatforms) = postSolution
		{EADEEE84-66EB-4F02-A398-7E7DA668985C}.Debug|Any CPU.ActiveCfg = Debug|Any CPU
		{EADEEE84-66EB-4F02-A398-7E7DA668985C}.Debug|Any CPU.Build.0 = Debug|Any CPU
		{EADEEE84-66EB-4F02-A398-7E7DA668985C}.Release|Any CPU.ActiveCfg = Release|Any CPU
		{EADEEE84-66EB-4F02-A398-7E7DA668985C}.Release|Any CPU.Build.0 = Release|Any CPU
		{F5490FB0-550C-4C27-A024-24D39F0C5CD4}.Debug|Any CPU.ActiveCfg = Debug|Any CPU
		{F5490FB0-550C-4C27-A024-24D39F0C5CD4}.Debug|Any CPU.Build.0 = Debug|Any CPU
		{F5490FB0-550C-4C27-A024-24D39F0C5CD4}.Release|Any CPU.ActiveCfg = Release|Any CPU
		{F5490FB0-550C-4C27-A024-24D39F0C5CD4}.Release|Any CPU.Build.0 = Release|Any CPU
	EndGlobalSection
EndGlobal
