
Microsoft Visual Studio Solution File, Format Version 12.00
# Visual Studio Version 17
VisualStudioVersion = 17.3.32505.426
MinimumVisualStudioVersion = 10.0.40219.1
Project("{9A19103F-16F7-4668-BE54-9A1E7A4F7556}") = "RecordsInsideOut", "RecordsInsideOut.csproj", "{598A458E-8F5B-40E1-8F09-21344E59C4CC}"
EndProject
Project("{FAE04EC0-301F-11D3-BF4B-00C04F79EFBC}") = "RecordsAspNetCore", "..\RecordsAspNetCore\RecordsAspNetCore.csproj", "{73E57A37-F030-4520-8811-0BDE1B9A6C0F}"
EndProject
Global
	GlobalSection(SolutionConfigurationPlatforms) = preSolution
		Debug|Any CPU = Debug|Any CPU
		Release|Any CPU = Release|Any CPU
	EndGlobalSection
	GlobalSection(ProjectConfigurationPlatforms) = postSolution
		{598A458E-8F5B-40E1-8F09-21344E59C4CC}.Debug|Any CPU.ActiveCfg = Debug|Any CPU
		{598A458E-8F5B-40E1-8F09-21344E59C4CC}.Debug|Any CPU.Build.0 = Debug|Any CPU
		{598A458E-8F5B-40E1-8F09-21344E59C4CC}.Release|Any CPU.ActiveCfg = Release|Any CPU
		{598A458E-8F5B-40E1-8F09-21344E59C4CC}.Release|Any CPU.Build.0 = Release|Any CPU
		{73E57A37-F030-4520-8811-0BDE1B9A6C0F}.Debug|Any CPU.ActiveCfg = Debug|Any CPU
		{73E57A37-F030-4520-8811-0BDE1B9A6C0F}.Debug|Any CPU.Build.0 = Debug|Any CPU
		{73E57A37-F030-4520-8811-0BDE1B9A6C0F}.Release|Any CPU.ActiveCfg = Release|Any CPU
		{73E57A37-F030-4520-8811-0BDE1B9A6C0F}.Release|Any CPU.Build.0 = Release|Any CPU
	EndGlobalSection
	GlobalSection(SolutionProperties) = preSolution
		HideSolutionNode = FALSE
	EndGlobalSection
	GlobalSection(ExtensibilityGlobals) = postSolution
		SolutionGuid = {98BCADE1-36C9-4A71-A338-4E6DFF6E6A3E}
	EndGlobalSection
EndGlobal
