
Microsoft Visual Studio Solution File, Format Version 12.00
# Visual Studio Version 16
VisualStudioVersion = 16.0.29111.141
MinimumVisualStudioVersion = 10.0.40219.1
Project("{9A19103F-16F7-4668-BE54-9A1E7A4F7556}") = "59-generic-host", "59-generic-host.csproj", "{FBBC78A3-206A-4705-82DF-8F43CC7F920F}"
EndProject
Global
	GlobalSection(SolutionConfigurationPlatforms) = preSolution
		Debug|Any CPU = Debug|Any CPU
		Release|Any CPU = Release|Any CPU
	EndGlobalSection
	GlobalSection(ProjectConfigurationPlatforms) = postSolution
		{FBBC78A3-206A-4705-82DF-8F43CC7F920F}.Debug|Any CPU.ActiveCfg = Debug|Any CPU
		{FBBC78A3-206A-4705-82DF-8F43CC7F920F}.Debug|Any CPU.Build.0 = Debug|Any CPU
		{FBBC78A3-206A-4705-82DF-8F43CC7F920F}.Release|Any CPU.ActiveCfg = Release|Any CPU
		{FBBC78A3-206A-4705-82DF-8F43CC7F920F}.Release|Any CPU.Build.0 = Release|Any CPU
	EndGlobalSection
	GlobalSection(SolutionProperties) = preSolution
		HideSolutionNode = FALSE
	EndGlobalSection
	GlobalSection(ExtensibilityGlobals) = postSolution
		SolutionGuid = {6A6979DF-C7F1-4B39-AC46-4FD0B6730352}
	EndGlobalSection
EndGlobal
