
Microsoft Visual Studio Solution File, Format Version 12.00
# Visual Studio Version 17
VisualStudioVersion = 17.0.31521.260
MinimumVisualStudioVersion = 10.0.40219.1
Project("{9A19103F-16F7-4668-BE54-9A1E7A4F7556}") = "SyncOverAsyncNet6", "SyncOverAsyncNet6\SyncOverAsyncNet6.csproj", "{DC90A511-CD8B-44E0-9DF2-413719C12A46}"
EndProject
Project("{9A19103F-16F7-4668-BE54-9A1E7A4F7556}") = "SyncOverAsyncNetCore", "SyncOverAsyncNetCore\SyncOverAsyncNetCore.csproj", "{66D2A01C-E33C-4A84-BC31-3658B3E72DE7}"
EndProject
Project("{9A19103F-16F7-4668-BE54-9A1E7A4F7556}") = "StartupPerfApi", "StartupPerfApi\StartupPerfApi.csproj", "{2A317CDB-91DA-4606-ACA5-ABE1A32A5434}"
EndProject
Project("{9A19103F-16F7-4668-BE54-9A1E7A4F7556}") = "JsonSerializerCodeGen", "JsonSerializerCodeGen\JsonSerializerCodeGen.csproj", "{A1C41D68-EF34-4BCE-9F14-1D09C4562CB2}"
EndProject
Project("{9A19103F-16F7-4668-BE54-9A1E7A4F7556}") = "DateTimeImprovements", "DateTimeImprovements\DateTimeImprovements.csproj", "{36ABB4AC-0EA2-4C87-9D9B-CE4B69E8665A}"
EndProject
Project("{9A19103F-16F7-4668-BE54-9A1E7A4F7556}") = "RecordStruct", "RecordStruct\RecordStruct.csproj", "{DE81C2B9-B8EC-414D-AA9A-2B561EF9010A}"
EndProject
Project("{9A19103F-16F7-4668-BE54-9A1E7A4F7556}") = "GlobalUsing", "GlobalUsing\GlobalUsing.csproj", "{075BAA9C-E9C3-4469-B9BA-91DEEA03AFA6}"
EndProject
Project("{9A19103F-16F7-4668-BE54-9A1E7A4F7556}") = "JsonApis", "JsonApis\JsonApis.csproj", "{7D5259A0-B4EA-45DF-AA58-9FCEDEAB9FDC}"
EndProject
Project("{9A19103F-16F7-4668-BE54-9A1E7A4F7556}") = "LinqEnhancements", "LinqEnhancements\LinqEnhancements.csproj", "{FE265D85-00FD-4268-BAB7-3F2EB9D17154}"
EndProject
Project("{9A19103F-16F7-4668-BE54-9A1E7A4F7556}") = "DummyCodeGenerator", "DummyCodeGenerator\DummyCodeGenerator.csproj", "{DD711896-4B80-41B6-8F45-262471AD50DB}"
EndProject
Project("{9A19103F-16F7-4668-BE54-9A1E7A4F7556}") = "LinkerLibrary", "LinkerLibrary\LinkerLibrary.csproj", "{AD914850-2104-408A-A0B2-CB2CB204A675}"
EndProject
Project("{FAE04EC0-301F-11D3-BF4B-00C04F79EFBC}") = "LinkerLibraryClient", "LinkerLibraryClient\LinkerLibraryClient.csproj", "{0AC85E06-DDD7-4C37-9C64-F7D6E0D3F9C1}"
EndProject
Global
	GlobalSection(SolutionConfigurationPlatforms) = preSolution
		Debug|Any CPU = Debug|Any CPU
		Release|Any CPU = Release|Any CPU
	EndGlobalSection
	GlobalSection(ProjectConfigurationPlatforms) = postSolution
		{DC90A511-CD8B-44E0-9DF2-413719C12A46}.Debug|Any CPU.ActiveCfg = Debug|Any CPU
		{DC90A511-CD8B-44E0-9DF2-413719C12A46}.Debug|Any CPU.Build.0 = Debug|Any CPU
		{DC90A511-CD8B-44E0-9DF2-413719C12A46}.Release|Any CPU.ActiveCfg = Release|Any CPU
		{DC90A511-CD8B-44E0-9DF2-413719C12A46}.Release|Any CPU.Build.0 = Release|Any CPU
		{66D2A01C-E33C-4A84-BC31-3658B3E72DE7}.Debug|Any CPU.ActiveCfg = Debug|Any CPU
		{66D2A01C-E33C-4A84-BC31-3658B3E72DE7}.Debug|Any CPU.Build.0 = Debug|Any CPU
		{66D2A01C-E33C-4A84-BC31-3658B3E72DE7}.Release|Any CPU.ActiveCfg = Release|Any CPU
		{66D2A01C-E33C-4A84-BC31-3658B3E72DE7}.Release|Any CPU.Build.0 = Release|Any CPU
		{2A317CDB-91DA-4606-ACA5-ABE1A32A5434}.Debug|Any CPU.ActiveCfg = Debug|Any CPU
		{2A317CDB-91DA-4606-ACA5-ABE1A32A5434}.Debug|Any CPU.Build.0 = Debug|Any CPU
		{2A317CDB-91DA-4606-ACA5-ABE1A32A5434}.Release|Any CPU.ActiveCfg = Release|Any CPU
		{2A317CDB-91DA-4606-ACA5-ABE1A32A5434}.Release|Any CPU.Build.0 = Release|Any CPU
		{A1C41D68-EF34-4BCE-9F14-1D09C4562CB2}.Debug|Any CPU.ActiveCfg = Debug|Any CPU
		{A1C41D68-EF34-4BCE-9F14-1D09C4562CB2}.Debug|Any CPU.Build.0 = Debug|Any CPU
		{A1C41D68-EF34-4BCE-9F14-1D09C4562CB2}.Release|Any CPU.ActiveCfg = Release|Any CPU
		{A1C41D68-EF34-4BCE-9F14-1D09C4562CB2}.Release|Any CPU.Build.0 = Release|Any CPU
		{36ABB4AC-0EA2-4C87-9D9B-CE4B69E8665A}.Debug|Any CPU.ActiveCfg = Debug|Any CPU
		{36ABB4AC-0EA2-4C87-9D9B-CE4B69E8665A}.Debug|Any CPU.Build.0 = Debug|Any CPU
		{36ABB4AC-0EA2-4C87-9D9B-CE4B69E8665A}.Release|Any CPU.ActiveCfg = Release|Any CPU
		{36ABB4AC-0EA2-4C87-9D9B-CE4B69E8665A}.Release|Any CPU.Build.0 = Release|Any CPU
		{DE81C2B9-B8EC-414D-AA9A-2B561EF9010A}.Debug|Any CPU.ActiveCfg = Debug|Any CPU
		{DE81C2B9-B8EC-414D-AA9A-2B561EF9010A}.Debug|Any CPU.Build.0 = Debug|Any CPU
		{DE81C2B9-B8EC-414D-AA9A-2B561EF9010A}.Release|Any CPU.ActiveCfg = Release|Any CPU
		{DE81C2B9-B8EC-414D-AA9A-2B561EF9010A}.Release|Any CPU.Build.0 = Release|Any CPU
		{075BAA9C-E9C3-4469-B9BA-91DEEA03AFA6}.Debug|Any CPU.ActiveCfg = Debug|Any CPU
		{075BAA9C-E9C3-4469-B9BA-91DEEA03AFA6}.Debug|Any CPU.Build.0 = Debug|Any CPU
		{075BAA9C-E9C3-4469-B9BA-91DEEA03AFA6}.Release|Any CPU.ActiveCfg = Release|Any CPU
		{075BAA9C-E9C3-4469-B9BA-91DEEA03AFA6}.Release|Any CPU.Build.0 = Release|Any CPU
		{7D5259A0-B4EA-45DF-AA58-9FCEDEAB9FDC}.Debug|Any CPU.ActiveCfg = Debug|Any CPU
		{7D5259A0-B4EA-45DF-AA58-9FCEDEAB9FDC}.Debug|Any CPU.Build.0 = Debug|Any CPU
		{7D5259A0-B4EA-45DF-AA58-9FCEDEAB9FDC}.Release|Any CPU.ActiveCfg = Release|Any CPU
		{7D5259A0-B4EA-45DF-AA58-9FCEDEAB9FDC}.Release|Any CPU.Build.0 = Release|Any CPU
		{FE265D85-00FD-4268-BAB7-3F2EB9D17154}.Debug|Any CPU.ActiveCfg = Debug|Any CPU
		{FE265D85-00FD-4268-BAB7-3F2EB9D17154}.Debug|Any CPU.Build.0 = Debug|Any CPU
		{FE265D85-00FD-4268-BAB7-3F2EB9D17154}.Release|Any CPU.ActiveCfg = Release|Any CPU
		{FE265D85-00FD-4268-BAB7-3F2EB9D17154}.Release|Any CPU.Build.0 = Release|Any CPU
		{DD711896-4B80-41B6-8F45-262471AD50DB}.Debug|Any CPU.ActiveCfg = Debug|Any CPU
		{DD711896-4B80-41B6-8F45-262471AD50DB}.Debug|Any CPU.Build.0 = Debug|Any CPU
		{DD711896-4B80-41B6-8F45-262471AD50DB}.Release|Any CPU.ActiveCfg = Release|Any CPU
		{DD711896-4B80-41B6-8F45-262471AD50DB}.Release|Any CPU.Build.0 = Release|Any CPU
		{AD914850-2104-408A-A0B2-CB2CB204A675}.Debug|Any CPU.ActiveCfg = Debug|Any CPU
		{AD914850-2104-408A-A0B2-CB2CB204A675}.Debug|Any CPU.Build.0 = Debug|Any CPU
		{AD914850-2104-408A-A0B2-CB2CB204A675}.Release|Any CPU.ActiveCfg = Release|Any CPU
		{AD914850-2104-408A-A0B2-CB2CB204A675}.Release|Any CPU.Build.0 = Release|Any CPU
		{0AC85E06-DDD7-4C37-9C64-F7D6E0D3F9C1}.Debug|Any CPU.ActiveCfg = Debug|Any CPU
		{0AC85E06-DDD7-4C37-9C64-F7D6E0D3F9C1}.Debug|Any CPU.Build.0 = Debug|Any CPU
		{0AC85E06-DDD7-4C37-9C64-F7D6E0D3F9C1}.Release|Any CPU.ActiveCfg = Release|Any CPU
		{0AC85E06-DDD7-4C37-9C64-F7D6E0D3F9C1}.Release|Any CPU.Build.0 = Release|Any CPU
	EndGlobalSection
	GlobalSection(SolutionProperties) = preSolution
		HideSolutionNode = FALSE
	EndGlobalSection
	GlobalSection(ExtensibilityGlobals) = postSolution
		SolutionGuid = {3BC6FE55-A795-4898-B955-EF074EE90826}
	EndGlobalSection
EndGlobal
