
Microsoft Visual Studio Solution File, Format Version 12.00
# Visual Studio Version 16
VisualStudioVersion = 16.0.30128.36
MinimumVisualStudioVersion = 10.0.40219.1
Project("{FAE04EC0-301F-11D3-BF4B-00C04F79EFBC}") = "AadProtectedFunction", "AadProtectedFunction.csproj", "{98B7AA58-E5CC-4E4E-89A0-F51D385BE416}"
EndProject
Global
	GlobalSection(SolutionConfigurationPlatforms) = preSolution
		Debug|Any CPU = Debug|Any CPU
		Release|Any CPU = Release|Any CPU
	EndGlobalSection
	GlobalSection(ProjectConfigurationPlatforms) = postSolution
		{98B7AA58-E5CC-4E4E-89A0-F51D385BE416}.Debug|Any CPU.ActiveCfg = Debug|Any CPU
		{98B7AA58-E5CC-4E4E-89A0-F51D385BE416}.Debug|Any CPU.Build.0 = Debug|Any CPU
		{98B7AA58-E5CC-4E4E-89A0-F51D385BE416}.Release|Any CPU.ActiveCfg = Release|Any CPU
		{98B7AA58-E5CC-4E4E-89A0-F51D385BE416}.Release|Any CPU.Build.0 = Release|Any CPU
	EndGlobalSection
	GlobalSection(SolutionProperties) = preSolution
		HideSolutionNode = FALSE
	EndGlobalSection
	GlobalSection(ExtensibilityGlobals) = postSolution
		SolutionGuid = {542214F7-0236-4EDB-8C12-38F95A4D6217}
	EndGlobalSection
EndGlobal
