{
  "name": "function-tools-for-agents",
  "version": "1.0.0",
  "lockfileVersion": 3,
  "requires": true,
  "packages": {
    "": {
      "name": "function-tools-for-agents",
      "version": "1.0.0",
      "workspaces": [
        "othello-cli",
        "othello-game",
        "othello-bot"
      ],
      "devDependencies": {}
    },
    "node_modules/@azure/abort-controller": {
      "version": "2.1.2",
      "resolved": "https://registry.npmjs.org/@azure/abort-controller/-/abort-controller-2.1.2.tgz",
      "integrity": "sha512-nBrLsEWm4J2u5LpAPjxADTlq3trDgVZZXHNKabeXZtpq3d3AbN/KGO82R87rdDz5/lYB024rtEf10/q0urNgsA==",
      "license": "MIT",
      "dependencies": {
        "tslib": "^2.6.2"
      },
      "engines": {
        "node": ">=18.0.0"
      }
    },
    "node_modules/@azure/core-auth": {
      "version": "1.10.1",
      "resolved": "https://registry.npmjs.org/@azure/core-auth/-/core-auth-1.10.1.tgz",
      "integrity": "sha512-ykRMW8PjVAn+RS6ww5cmK9U2CyH9p4Q88YJwvUslfuMmN98w/2rdGRLPqJYObapBCdzBVeDgYWdJnFPFb7qzpg==",
      "license": "MIT",
      "dependencies": {
        "@azure/abort-controller": "^2.1.2",
        "@azure/core-util": "^1.13.0",
        "tslib": "^2.6.2"
      },
      "engines": {
        "node": ">=20.0.0"
      }
    },
    "node_modules/@azure/core-client": {
      "version": "1.10.1",
      "resolved": "https://registry.npmjs.org/@azure/core-client/-/core-client-1.10.1.tgz",
      "integrity": "sha512-Nh5PhEOeY6PrnxNPsEHRr9eimxLwgLlpmguQaHKBinFYA/RU9+kOYVOQqOrTsCL+KSxrLLl1gD8Dk5BFW/7l/w==",
      "license": "MIT",
      "dependencies": {
        "@azure/abort-controller": "^2.1.2",
        "@azure/core-auth": "^1.10.0",
        "@azure/core-rest-pipeline": "^1.22.0",
        "@azure/core-tracing": "^1.3.0",
        "@azure/core-util": "^1.13.0",
        "@azure/logger": "^1.3.0",
        "tslib": "^2.6.2"
      },
      "engines": {
        "node": ">=20.0.0"
      }
    },
    "node_modules/@azure/core-rest-pipeline": {
      "version": "1.22.1",
      "resolved": "https://registry.npmjs.org/@azure/core-rest-pipeline/-/core-rest-pipeline-1.22.1.tgz",
      "integrity": "sha512-UVZlVLfLyz6g3Hy7GNDpooMQonUygH7ghdiSASOOHy97fKj/mPLqgDX7aidOijn+sCMU+WU8NjlPlNTgnvbcGA==",
      "license": "MIT",
      "dependencies": {
        "@azure/abort-controller": "^2.1.2",
        "@azure/core-auth": "^1.10.0",
        "@azure/core-tracing": "^1.3.0",
        "@azure/core-util": "^1.13.0",
        "@azure/logger": "^1.3.0",
        "@typespec/ts-http-runtime": "^0.3.0",
        "tslib": "^2.6.2"
      },
      "engines": {
        "node": ">=20.0.0"
      }
    },
    "node_modules/@azure/core-tracing": {
      "version": "1.3.1",
      "resolved": "https://registry.npmjs.org/@azure/core-tracing/-/core-tracing-1.3.1.tgz",
      "integrity": "sha512-9MWKevR7Hz8kNzzPLfX4EAtGM2b8mr50HPDBvio96bURP/9C+HjdH3sBlLSNNrvRAr5/k/svoH457gB5IKpmwQ==",
      "license": "MIT",
      "dependencies": {
        "tslib": "^2.6.2"
      },
      "engines": {
        "node": ">=20.0.0"
      }
    },
    "node_modules/@azure/core-util": {
      "version": "1.13.1",
      "resolved": "https://registry.npmjs.org/@azure/core-util/-/core-util-1.13.1.tgz",
      "integrity": "sha512-XPArKLzsvl0Hf0CaGyKHUyVgF7oDnhKoP85Xv6M4StF/1AhfORhZudHtOyf2s+FcbuQ9dPRAjB8J2KvRRMUK2A==",
      "license": "MIT",
      "dependencies": {
        "@azure/abort-controller": "^2.1.2",
        "@typespec/ts-http-runtime": "^0.3.0",
        "tslib": "^2.6.2"
      },
      "engines": {
        "node": ">=20.0.0"
      }
    },
    "node_modules/@azure/identity": {
      "version": "4.12.0",
      "resolved": "https://registry.npmjs.org/@azure/identity/-/identity-4.12.0.tgz",
      "integrity": "sha512-6vuh2R3Cte6SD6azNalLCjIDoryGdcvDVEV7IDRPtm5lHX5ffkDlIalaoOp5YJU08e4ipjJENel20kSMDLAcug==",
      "license": "MIT",
      "dependencies": {
        "@azure/abort-controller": "^2.0.0",
        "@azure/core-auth": "^1.9.0",
        "@azure/core-client": "^1.9.2",
        "@azure/core-rest-pipeline": "^1.17.0",
        "@azure/core-tracing": "^1.0.0",
        "@azure/core-util": "^1.11.0",
        "@azure/logger": "^1.0.0",
        "@azure/msal-browser": "^4.2.0",
        "@azure/msal-node": "^3.5.0",
        "open": "^10.1.0",
        "tslib": "^2.2.0"
      },
      "engines": {
        "node": ">=20.0.0"
      }
    },
    "node_modules/@azure/logger": {
      "version": "1.3.0",
      "resolved": "https://registry.npmjs.org/@azure/logger/-/logger-1.3.0.tgz",
      "integrity": "sha512-fCqPIfOcLE+CGqGPd66c8bZpwAji98tZ4JI9i/mlTNTlsIWslCfpg48s/ypyLxZTump5sypjrKn2/kY7q8oAbA==",
      "license": "MIT",
      "dependencies": {
        "@typespec/ts-http-runtime": "^0.3.0",
        "tslib": "^2.6.2"
      },
      "engines": {
        "node": ">=20.0.0"
      }
    },
    "node_modules/@azure/msal-browser": {
      "version": "4.24.1",
      "resolved": "https://registry.npmjs.org/@azure/msal-browser/-/msal-browser-4.24.1.tgz",
      "integrity": "sha512-e4sp8ihJIyZQvN0ZM1MMuKlEiiLWUS9V9+kxsVAc6K8MtpXHui8VINmKUxXH0OOksLhFDpdq4sGW1w6uYp431A==",
      "license": "MIT",
      "dependencies": {
        "@azure/msal-common": "15.13.0"
      },
      "engines": {
        "node": ">=0.8.0"
      }
    },
    "node_modules/@azure/msal-common": {
      "version": "15.13.0",
      "resolved": "https://registry.npmjs.org/@azure/msal-common/-/msal-common-15.13.0.tgz",
      "integrity": "sha512-8oF6nj02qX7eE/6+wFT5NluXRHc05AgdCC3fJnkjiJooq8u7BcLmxaYYSwc2AfEkWRMRi6Eyvvbeqk4U4412Ag==",
      "license": "MIT",
      "engines": {
        "node": ">=0.8.0"
      }
    },
    "node_modules/@azure/msal-node": {
      "version": "3.8.0",
      "resolved": "https://registry.npmjs.org/@azure/msal-node/-/msal-node-3.8.0.tgz",
      "integrity": "sha512-23BXm82Mp5XnRhrcd4mrHa0xuUNRp96ivu3nRatrfdAqjoeWAGyD0eEAafxAOHAEWWmdlyFK4ELFcdziXyw2sA==",
      "license": "MIT",
      "dependencies": {
        "@azure/msal-common": "15.13.0",
        "jsonwebtoken": "^9.0.0",
        "uuid": "^8.3.0"
      },
      "engines": {
        "node": ">=16"
      }
    },
    "node_modules/@types/node": {
      "version": "24.7.0",
      "resolved": "https://registry.npmjs.org/@types/node/-/node-24.7.0.tgz",
      "integrity": "sha512-IbKooQVqUBrlzWTi79E8Fw78l8k1RNtlDDNWsFZs7XonuQSJ8oNYfEeclhprUldXISRMLzBpILuKgPlIxm+/Yw==",
      "dev": true,
      "license": "MIT",
      "dependencies": {
        "undici-types": "~7.14.0"
      }
    },
    "node_modules/@typespec/ts-http-runtime": {
      "version": "0.3.1",
      "resolved": "https://registry.npmjs.org/@typespec/ts-http-runtime/-/ts-http-runtime-0.3.1.tgz",
      "integrity": "sha512-SnbaqayTVFEA6/tYumdF0UmybY0KHyKwGPBXnyckFlrrKdhWFrL3a2HIPXHjht5ZOElKGcXfD2D63P36btb+ww==",
      "license": "MIT",
      "dependencies": {
        "http-proxy-agent": "^7.0.0",
        "https-proxy-agent": "^7.0.0",
        "tslib": "^2.6.2"
      },
      "engines": {
        "node": ">=20.0.0"
      }
    },
    "node_modules/agent-base": {
      "version": "7.1.4",
      "resolved": "https://registry.npmjs.org/agent-base/-/agent-base-7.1.4.tgz",
      "integrity": "sha512-MnA+YT8fwfJPgBx3m60MNqakm30XOkyIoH1y6huTQvC0PwZG7ki8NacLBcrPbNoo8vEZy7Jpuk7+jMO+CUovTQ==",
      "license": "MIT",
      "engines": {
        "node": ">= 14"
      }
    },
    "node_modules/buffer-equal-constant-time": {
      "version": "1.0.1",
      "resolved": "https://registry.npmjs.org/buffer-equal-constant-time/-/buffer-equal-constant-time-1.0.1.tgz",
      "integrity": "sha512-zRpUiDwd/xk6ADqPMATG8vc9VPrkck7T07OIx0gnjmJAnHnTVXNQG3vfvWNuiZIkwu9KrKdA1iJKfsfTVxE6NA==",
      "license": "BSD-3-Clause"
    },
    "node_modules/bundle-name": {
      "version": "4.1.0",
      "resolved": "https://registry.npmjs.org/bundle-name/-/bundle-name-4.1.0.tgz",
      "integrity": "sha512-tjwM5exMg6BGRI+kNmTntNsvdZS1X8BFYS6tnJ2hdH0kVxM6/eVZ2xy+FqStSWvYmtfFMDLIxurorHwDKfDz5Q==",
      "license": "MIT",
      "dependencies": {
        "run-applescript": "^7.0.0"
      },
      "engines": {
        "node": ">=18"
      },
      "funding": {
        "url": "https://github.com/sponsors/sindresorhus"
      }
    },
    "node_modules/debug": {
      "version": "4.4.3",
      "resolved": "https://registry.npmjs.org/debug/-/debug-4.4.3.tgz",
      "integrity": "sha512-RGwwWnwQvkVfavKVt22FGLw+xYSdzARwm0ru6DhTVA3umU5hZc28V3kO4stgYryrTlLpuvgI9GiijltAjNbcqA==",
      "license": "MIT",
      "dependencies": {
        "ms": "^2.1.3"
      },
      "engines": {
        "node": ">=6.0"
      },
      "peerDependenciesMeta": {
        "supports-color": {
          "optional": true
        }
      }
    },
    "node_modules/default-browser": {
      "version": "5.2.1",
      "resolved": "https://registry.npmjs.org/default-browser/-/default-browser-5.2.1.tgz",
      "integrity": "sha512-WY/3TUME0x3KPYdRRxEJJvXRHV4PyPoUsxtZa78lwItwRQRHhd2U9xOscaT/YTf8uCXIAjeJOFBVEh/7FtD8Xg==",
      "license": "MIT",
      "dependencies": {
        "bundle-name": "^4.1.0",
        "default-browser-id": "^5.0.0"
      },
      "engines": {
        "node": ">=18"
      },
      "funding": {
        "url": "https://github.com/sponsors/sindresorhus"
      }
    },
    "node_modules/default-browser-id": {
      "version": "5.0.0",
      "resolved": "https://registry.npmjs.org/default-browser-id/-/default-browser-id-5.0.0.tgz",
      "integrity": "sha512-A6p/pu/6fyBcA1TRz/GqWYPViplrftcW2gZC9q79ngNCKAeR/X3gcEdXQHl4KNXV+3wgIJ1CPkJQ3IHM6lcsyA==",
      "license": "MIT",
      "engines": {
        "node": ">=18"
      },
      "funding": {
        "url": "https://github.com/sponsors/sindresorhus"
      }
    },
    "node_modules/define-lazy-prop": {
      "version": "3.0.0",
      "resolved": "https://registry.npmjs.org/define-lazy-prop/-/define-lazy-prop-3.0.0.tgz",
      "integrity": "sha512-N+MeXYoqr3pOgn8xfyRPREN7gHakLYjhsHhWGT3fWAiL4IkAt0iDw14QiiEm2bE30c5XX5q0FtAA3CK5f9/BUg==",
      "license": "MIT",
      "engines": {
        "node": ">=12"
      },
      "funding": {
        "url": "https://github.com/sponsors/sindresorhus"
      }
    },
    "node_modules/ecdsa-sig-formatter": {
      "version": "1.0.11",
      "resolved": "https://registry.npmjs.org/ecdsa-sig-formatter/-/ecdsa-sig-formatter-1.0.11.tgz",
      "integrity": "sha512-nagl3RYrbNv6kQkeJIpt6NJZy8twLB/2vtz6yN9Z4vRKHN4/QZJIEbqohALSgwKdnksuY3k5Addp5lg8sVoVcQ==",
      "license": "Apache-2.0",
      "dependencies": {
        "safe-buffer": "^5.0.1"
      }
    },
    "node_modules/http-proxy-agent": {
      "version": "7.0.2",
      "resolved": "https://registry.npmjs.org/http-proxy-agent/-/http-proxy-agent-7.0.2.tgz",
      "integrity": "sha512-T1gkAiYYDWYx3V5Bmyu7HcfcvL7mUrTWiM6yOfa3PIphViJ/gFPbvidQ+veqSOHci/PxBcDabeUNCzpOODJZig==",
      "license": "MIT",
      "dependencies": {
        "agent-base": "^7.1.0",
        "debug": "^4.3.4"
      },
      "engines": {
        "node": ">= 14"
      }
    },
    "node_modules/https-proxy-agent": {
      "version": "7.0.6",
      "resolved": "https://registry.npmjs.org/https-proxy-agent/-/https-proxy-agent-7.0.6.tgz",
      "integrity": "sha512-vK9P5/iUfdl95AI+JVyUuIcVtd4ofvtrOr3HNtM2yxC9bnMbEdp3x01OhQNnjb8IJYi38VlTE3mBXwcfvywuSw==",
      "license": "MIT",
      "dependencies": {
        "agent-base": "^7.1.2",
        "debug": "4"
      },
      "engines": {
        "node": ">= 14"
      }
    },
    "node_modules/is-docker": {
      "version": "3.0.0",
      "resolved": "https://registry.npmjs.org/is-docker/-/is-docker-3.0.0.tgz",
      "integrity": "sha512-eljcgEDlEns/7AXFosB5K/2nCM4P7FQPkGc/DWLy5rmFEWvZayGrik1d9/QIY5nJ4f9YsVvBkA6kJpHn9rISdQ==",
      "license": "MIT",
      "bin": {
        "is-docker": "cli.js"
      },
      "engines": {
        "node": "^12.20.0 || ^14.13.1 || >=16.0.0"
      },
      "funding": {
        "url": "https://github.com/sponsors/sindresorhus"
      }
    },
    "node_modules/is-inside-container": {
      "version": "1.0.0",
      "resolved": "https://registry.npmjs.org/is-inside-container/-/is-inside-container-1.0.0.tgz",
      "integrity": "sha512-KIYLCCJghfHZxqjYBE7rEy0OBuTd5xCHS7tHVgvCLkx7StIoaxwNW3hCALgEUjFfeRk+MG/Qxmp/vtETEF3tRA==",
      "license": "MIT",
      "dependencies": {
        "is-docker": "^3.0.0"
      },
      "bin": {
        "is-inside-container": "cli.js"
      },
      "engines": {
        "node": ">=14.16"
      },
      "funding": {
        "url": "https://github.com/sponsors/sindresorhus"
      }
    },
    "node_modules/is-wsl": {
      "version": "3.1.0",
      "resolved": "https://registry.npmjs.org/is-wsl/-/is-wsl-3.1.0.tgz",
      "integrity": "sha512-UcVfVfaK4Sc4m7X3dUSoHoozQGBEFeDC+zVo06t98xe8CzHSZZBekNXH+tu0NalHolcJ/QAGqS46Hef7QXBIMw==",
      "license": "MIT",
      "dependencies": {
        "is-inside-container": "^1.0.0"
      },
      "engines": {
        "node": ">=16"
      },
      "funding": {
        "url": "https://github.com/sponsors/sindresorhus"
      }
    },
    "node_modules/jsonwebtoken": {
      "version": "9.0.2",
      "resolved": "https://registry.npmjs.org/jsonwebtoken/-/jsonwebtoken-9.0.2.tgz",
      "integrity": "sha512-PRp66vJ865SSqOlgqS8hujT5U4AOgMfhrwYIuIhfKaoSCZcirrmASQr8CX7cUg+RMih+hgznrjp99o+W4pJLHQ==",
      "license": "MIT",
      "dependencies": {
        "jws": "^3.2.2",
        "lodash.includes": "^4.3.0",
        "lodash.isboolean": "^3.0.3",
        "lodash.isinteger": "^4.0.4",
        "lodash.isnumber": "^3.0.3",
        "lodash.isplainobject": "^4.0.6",
        "lodash.isstring": "^4.0.1",
        "lodash.once": "^4.0.0",
        "ms": "^2.1.1",
        "semver": "^7.5.4"
      },
      "engines": {
        "node": ">=12",
        "npm": ">=6"
      }
    },
    "node_modules/jwa": {
      "version": "1.4.2",
      "resolved": "https://registry.npmjs.org/jwa/-/jwa-1.4.2.tgz",
      "integrity": "sha512-eeH5JO+21J78qMvTIDdBXidBd6nG2kZjg5Ohz/1fpa28Z4CcsWUzJ1ZZyFq/3z3N17aZy+ZuBoHljASbL1WfOw==",
      "license": "MIT",
      "dependencies": {
        "buffer-equal-constant-time": "^1.0.1",
        "ecdsa-sig-formatter": "1.0.11",
        "safe-buffer": "^5.0.1"
      }
    },
    "node_modules/jws": {
      "version": "3.2.2",
      "resolved": "https://registry.npmjs.org/jws/-/jws-3.2.2.tgz",
      "integrity": "sha512-YHlZCB6lMTllWDtSPHz/ZXTsi8S00usEV6v1tjq8tOUZzw7DpSDWVXjXDre6ed1w/pd495ODpHZYSdkRTsa0HA==",
      "license": "MIT",
      "dependencies": {
        "jwa": "^1.4.1",
        "safe-buffer": "^5.0.1"
      }
    },
    "node_modules/lodash.includes": {
      "version": "4.3.0",
      "resolved": "https://registry.npmjs.org/lodash.includes/-/lodash.includes-4.3.0.tgz",
      "integrity": "sha512-W3Bx6mdkRTGtlJISOvVD/lbqjTlPPUDTMnlXZFnVwi9NKJ6tiAk6LVdlhZMm17VZisqhKcgzpO5Wz91PCt5b0w==",
      "license": "MIT"
    },
    "node_modules/lodash.isboolean": {
      "version": "3.0.3",
      "resolved": "https://registry.npmjs.org/lodash.isboolean/-/lodash.isboolean-3.0.3.tgz",
      "integrity": "sha512-Bz5mupy2SVbPHURB98VAcw+aHh4vRV5IPNhILUCsOzRmsTmSQ17jIuqopAentWoehktxGd9e/hbIXq980/1QJg==",
      "license": "MIT"
    },
    "node_modules/lodash.isinteger": {
      "version": "4.0.4",
      "resolved": "https://registry.npmjs.org/lodash.isinteger/-/lodash.isinteger-4.0.4.tgz",
      "integrity": "sha512-DBwtEWN2caHQ9/imiNeEA5ys1JoRtRfY3d7V9wkqtbycnAmTvRRmbHKDV4a0EYc678/dia0jrte4tjYwVBaZUA==",
      "license": "MIT"
    },
    "node_modules/lodash.isnumber": {
      "version": "3.0.3",
      "resolved": "https://registry.npmjs.org/lodash.isnumber/-/lodash.isnumber-3.0.3.tgz",
      "integrity": "sha512-QYqzpfwO3/CWf3XP+Z+tkQsfaLL/EnUlXWVkIk5FUPc4sBdTehEqZONuyRt2P67PXAk+NXmTBcc97zw9t1FQrw==",
      "license": "MIT"
    },
    "node_modules/lodash.isplainobject": {
      "version": "4.0.6",
      "resolved": "https://registry.npmjs.org/lodash.isplainobject/-/lodash.isplainobject-4.0.6.tgz",
      "integrity": "sha512-oSXzaWypCMHkPC3NvBEaPHf0KsA5mvPrOPgQWDsbg8n7orZ290M0BmC/jgRZ4vcJ6DTAhjrsSYgdsW/F+MFOBA==",
      "license": "MIT"
    },
    "node_modules/lodash.isstring": {
      "version": "4.0.1",
      "resolved": "https://registry.npmjs.org/lodash.isstring/-/lodash.isstring-4.0.1.tgz",
      "integrity": "sha512-0wJxfxH1wgO3GrbuP+dTTk7op+6L41QCXbGINEmD+ny/G/eCqGzxyCsh7159S+mgDDcoarnBw6PC1PS5+wUGgw==",
      "license": "MIT"
    },
    "node_modules/lodash.once": {
      "version": "4.1.1",
      "resolved": "https://registry.npmjs.org/lodash.once/-/lodash.once-4.1.1.tgz",
      "integrity": "sha512-Sb487aTOCr9drQVL8pIxOzVhafOjZN9UU54hiN8PU3uAiSV7lx1yYNpbNmex2PK6dSJoNTSJUUswT651yww3Mg==",
      "license": "MIT"
    },
    "node_modules/ms": {
      "version": "2.1.3",
      "resolved": "https://registry.npmjs.org/ms/-/ms-2.1.3.tgz",
      "integrity": "sha512-6FlzubTLZG3J2a/NVCAleEhjzq5oxgHyaCU9yYXvcLsvoVaHJq/s5xXI6/XXP6tz7R9xAOtHnSO/tXtF3WRTlA==",
      "license": "MIT"
    },
    "node_modules/open": {
      "version": "10.2.0",
      "resolved": "https://registry.npmjs.org/open/-/open-10.2.0.tgz",
      "integrity": "sha512-YgBpdJHPyQ2UE5x+hlSXcnejzAvD0b22U2OuAP+8OnlJT+PjWPxtgmGqKKc+RgTM63U9gN0YzrYc71R2WT/hTA==",
      "license": "MIT",
      "dependencies": {
        "default-browser": "^5.2.1",
        "define-lazy-prop": "^3.0.0",
        "is-inside-container": "^1.0.0",
        "wsl-utils": "^0.1.0"
      },
      "engines": {
        "node": ">=18"
      },
      "funding": {
        "url": "https://github.com/sponsors/sindresorhus"
      }
    },
    "node_modules/openai": {
      "version": "6.2.0",
      "resolved": "https://registry.npmjs.org/openai/-/openai-6.2.0.tgz",
      "integrity": "sha512-qqjzHls7F5xkXNGy9P1Ei1rorI5LWupUUFWP66zPU8FlZbiITX8SFcHMKNZg/NATJ0LpIZcMUFxSwQmdeQPwSw==",
      "license": "Apache-2.0",
      "bin": {
        "openai": "bin/cli"
      },
      "peerDependencies": {
        "ws": "^8.18.0",
        "zod": "^3.25 || ^4.0"
      },
      "peerDependenciesMeta": {
        "ws": {
          "optional": true
        },
        "zod": {
          "optional": true
        }
      }
    },
    "node_modules/othello-bot": {
      "resolved": "othello-bot",
      "link": true
    },
    "node_modules/othello-cli": {
      "resolved": "othello-cli",
      "link": true
    },
    "node_modules/othello-game": {
      "resolved": "othello-game",
      "link": true
    },
    "node_modules/run-applescript": {
      "version": "7.1.0",
      "resolved": "https://registry.npmjs.org/run-applescript/-/run-applescript-7.1.0.tgz",
      "integrity": "sha512-DPe5pVFaAsinSaV6QjQ6gdiedWDcRCbUuiQfQa2wmWV7+xC9bGulGI8+TdRmoFkAPaBXk8CrAbnlY2ISniJ47Q==",
      "license": "MIT",
      "engines": {
        "node": ">=18"
      },
      "funding": {
        "url": "https://github.com/sponsors/sindresorhus"
      }
    },
    "node_modules/safe-buffer": {
      "version": "5.2.1",
      "resolved": "https://registry.npmjs.org/safe-buffer/-/safe-buffer-5.2.1.tgz",
      "integrity": "sha512-rp3So07KcdmmKbGvgaNxQSJr7bGVSVk5S9Eq1F+ppbRo70+YeaDxkw5Dd8NPN+GD6bjnYm2VuPuCXmpuYvmCXQ==",
      "funding": [
        {
          "type": "github",
          "url": "https://github.com/sponsors/feross"
        },
        {
          "type": "patreon",
          "url": "https://www.patreon.com/feross"
        },
        {
          "type": "consulting",
          "url": "https://feross.org/support"
        }
      ],
      "license": "MIT"
    },
    "node_modules/semver": {
      "version": "7.7.2",
      "resolved": "https://registry.npmjs.org/semver/-/semver-7.7.2.tgz",
      "integrity": "sha512-RF0Fw+rO5AMf9MAyaRXI4AV0Ulj5lMHqVxxdSgiVbixSCXoEmmX/jk0CuJw4+3SqroYO9VoUh+HcuJivvtJemA==",
      "license": "ISC",
      "bin": {
        "semver": "bin/semver.js"
      },
      "engines": {
        "node": ">=10"
      }
    },
    "node_modules/tslib": {
      "version": "2.8.1",
      "resolved": "https://registry.npmjs.org/tslib/-/tslib-2.8.1.tgz",
      "integrity": "sha512-oJFu94HQb+KVduSUQL7wnpmqnfmLsOA/nAh6b6EH0wCEoK0/mPeXU6c3wKDV83MkOuHPRHtSXKKU99IBazS/2w==",
      "license": "0BSD"
    },
    "node_modules/typescript": {
      "version": "5.9.3",
      "resolved": "https://registry.npmjs.org/typescript/-/typescript-5.9.3.tgz",
      "integrity": "sha512-jl1vZzPDinLr9eUt3J/t7V6FgNEw9QjvBPdysz9KfQDD41fQrC2Y4vKQdiaUpFT4bXlb1RHhLpp8wtm6M5TgSw==",
      "dev": true,
      "license": "Apache-2.0",
      "bin": {
        "tsc": "bin/tsc",
        "tsserver": "bin/tsserver"
      },
      "engines": {
        "node": ">=14.17"
      }
    },
    "node_modules/undici-types": {
      "version": "7.14.0",
      "resolved": "https://registry.npmjs.org/undici-types/-/undici-types-7.14.0.tgz",
      "integrity": "sha512-QQiYxHuyZ9gQUIrmPo3IA+hUl4KYk8uSA7cHrcKd/l3p1OTpZcM0Tbp9x7FAtXdAYhlasd60ncPpgu6ihG6TOA==",
      "dev": true,
      "license": "MIT"
    },
    "node_modules/uuid": {
      "version": "8.3.2",
      "resolved": "https://registry.npmjs.org/uuid/-/uuid-8.3.2.tgz",
      "integrity": "sha512-+NYs2QeMWy+GWFOEm9xnn6HCDp0l7QBD7ml8zLUmJ+93Q5NF0NocErnwkTkXVFNiX3/fpC6afS8Dhb/gz7R7eg==",
      "license": "MIT",
      "bin": {
        "uuid": "dist/bin/uuid"
      }
    },
    "node_modules/wsl-utils": {
      "version": "0.1.0",
      "resolved": "https://registry.npmjs.org/wsl-utils/-/wsl-utils-0.1.0.tgz",
      "integrity": "sha512-h3Fbisa2nKGPxCpm89Hk33lBLsnaGBvctQopaBSOW/uIs6FTe1ATyAnKFJrzVs9vpGdsTe73WF3V4lIsk4Gacw==",
      "license": "MIT",
      "dependencies": {
        "is-wsl": "^3.1.0"
      },
      "engines": {
        "node": ">=18"
      },
      "funding": {
        "url": "https://github.com/sponsors/sindresorhus"
      }
    },
    "node_modules/zod": {
      "version": "3.25.76",
      "resolved": "https://registry.npmjs.org/zod/-/zod-3.25.76.tgz",
      "integrity": "sha512-gzUt/qt81nXsFGKIFcC3YnfEAx5NkunCfnDlvuBSSFS02bcXu4Lmea0AFIUwbLWxWPx3d9p8S5QoaujKcNQxcQ==",
      "license": "MIT",
      "peer": true,
      "funding": {
        "url": "https://github.com/sponsors/colinhacks"
      }
    },
    "node_modules/zod-to-json-schema": {
      "version": "3.24.6",
      "resolved": "https://registry.npmjs.org/zod-to-json-schema/-/zod-to-json-schema-3.24.6.tgz",
      "integrity": "sha512-h/z3PKvcTcTetyjl1fkj79MHNEjm+HpD6NXheWjzOekY7kV+lwDYnHw+ivHkijnCSMz1yJaWBD9vu/Fcmk+vEg==",
      "license": "ISC",
      "peerDependencies": {
        "zod": "^3.24.1"
      }
    },
    "othello-bot": {
      "version": "1.0.0",
      "license": "ISC",
      "dependencies": {
        "@azure/identity": "^4.12.0",
        "openai": "^6.2.0",
        "othello-game": "*",
        "zod-to-json-schema": "^3.24.6"
      },
      "devDependencies": {
        "@types/node": "^24.7.0",
        "typescript": "^5.9.3"
      }
    },
    "othello-cli": {
      "version": "1.0.0",
      "license": "ISC",
      "dependencies": {
        "othello-game": "*"
      },
      "devDependencies": {
        "@types/node": "^24.7.0",
        "typescript": "^5.9.3"
      }
    },
    "othello-game": {
      "version": "1.0.0",
      "license": "ISC",
      "devDependencies": {
        "@types/node": "^24.7.0",
        "typescript": "^5.9.3",
        "vitest": "^3.2.4"
      }
    },
    "othello-game/node_modules/@esbuild/linux-x64": {
      "version": "0.25.10",
      "cpu": [
        "x64"
      ],
      "dev": true,
      "license": "MIT",
      "optional": true,
      "os": [
        "linux"
      ],
      "engines": {
        "node": ">=18"
      }
    },
    "othello-game/node_modules/@jridgewell/sourcemap-codec": {
      "version": "1.5.5",
      "dev": true,
      "license": "MIT"
    },
    "othello-game/node_modules/@rollup/rollup-linux-x64-gnu": {
      "version": "4.52.4",
      "cpu": [
        "x64"
      ],
      "dev": true,
      "license": "MIT",
      "optional": true,
      "os": [
        "linux"
      ]
    },
    "othello-game/node_modules/@types/chai": {
      "version": "5.2.2",
      "dev": true,
      "license": "MIT",
      "dependencies": {
        "@types/deep-eql": "*"
      }
    },
    "othello-game/node_modules/@types/deep-eql": {
      "version": "4.0.2",
      "dev": true,
      "license": "MIT"
    },
    "othello-game/node_modules/@types/estree": {
      "version": "1.0.8",
      "dev": true,
      "license": "MIT"
    },
    "othello-game/node_modules/@vitest/expect": {
      "version": "3.2.4",
      "dev": true,
      "license": "MIT",
      "dependencies": {
        "@types/chai": "^5.2.2",
        "@vitest/spy": "3.2.4",
        "@vitest/utils": "3.2.4",
        "chai": "^5.2.0",
        "tinyrainbow": "^2.0.0"
      },
      "funding": {
        "url": "https://opencollective.com/vitest"
      }
    },
    "othello-game/node_modules/@vitest/mocker": {
      "version": "3.2.4",
      "dev": true,
      "license": "MIT",
      "dependencies": {
        "@vitest/spy": "3.2.4",
        "estree-walker": "^3.0.3",
        "magic-string": "^0.30.17"
      },
      "funding": {
        "url": "https://opencollective.com/vitest"
      },
      "peerDependencies": {
        "msw": "^2.4.9",
        "vite": "^5.0.0 || ^6.0.0 || ^7.0.0-0"
      },
      "peerDependenciesMeta": {
        "msw": {
          "optional": true
        },
        "vite": {
          "optional": true
        }
      }
    },
    "othello-game/node_modules/@vitest/pretty-format": {
      "version": "3.2.4",
      "dev": true,
      "license": "MIT",
      "dependencies": {
        "tinyrainbow": "^2.0.0"
      },
      "funding": {
        "url": "https://opencollective.com/vitest"
      }
    },
    "othello-game/node_modules/@vitest/runner": {
      "version": "3.2.4",
      "dev": true,
      "license": "MIT",
      "dependencies": {
        "@vitest/utils": "3.2.4",
        "pathe": "^2.0.3",
        "strip-literal": "^3.0.0"
      },
      "funding": {
        "url": "https://opencollective.com/vitest"
      }
    },
    "othello-game/node_modules/@vitest/snapshot": {
      "version": "3.2.4",
      "dev": true,
      "license": "MIT",
      "dependencies": {
        "@vitest/pretty-format": "3.2.4",
        "magic-string": "^0.30.17",
        "pathe": "^2.0.3"
      },
      "funding": {
        "url": "https://opencollective.com/vitest"
      }
    },
    "othello-game/node_modules/@vitest/spy": {
      "version": "3.2.4",
      "dev": true,
      "license": "MIT",
      "dependencies": {
        "tinyspy": "^4.0.3"
      },
      "funding": {
        "url": "https://opencollective.com/vitest"
      }
    },
    "othello-game/node_modules/@vitest/utils": {
      "version": "3.2.4",
      "dev": true,
      "license": "MIT",
      "dependencies": {
        "@vitest/pretty-format": "3.2.4",
        "loupe": "^3.1.4",
        "tinyrainbow": "^2.0.0"
      },
      "funding": {
        "url": "https://opencollective.com/vitest"
      }
    },
    "othello-game/node_modules/assertion-error": {
      "version": "2.0.1",
      "dev": true,
      "license": "MIT",
      "engines": {
        "node": ">=12"
      }
    },
    "othello-game/node_modules/cac": {
      "version": "6.7.14",
      "dev": true,
      "license": "MIT",
      "engines": {
        "node": ">=8"
      }
    },
    "othello-game/node_modules/chai": {
      "version": "5.3.3",
      "dev": true,
      "license": "MIT",
      "dependencies": {
        "assertion-error": "^2.0.1",
        "check-error": "^2.1.1",
        "deep-eql": "^5.0.1",
        "loupe": "^3.1.0",
        "pathval": "^2.0.0"
      },
      "engines": {
        "node": ">=18"
      }
    },
    "othello-game/node_modules/check-error": {
      "version": "2.1.1",
      "dev": true,
      "license": "MIT",
      "engines": {
        "node": ">= 16"
      }
    },
    "othello-game/node_modules/deep-eql": {
      "version": "5.0.2",
      "dev": true,
      "license": "MIT",
      "engines": {
        "node": ">=6"
      }
    },
    "othello-game/node_modules/es-module-lexer": {
      "version": "1.7.0",
      "dev": true,
      "license": "MIT"
    },
    "othello-game/node_modules/esbuild": {
      "version": "0.25.10",
      "dev": true,
      "hasInstallScript": true,
      "license": "MIT",
      "bin": {
        "esbuild": "bin/esbuild"
      },
      "engines": {
        "node": ">=18"
      },
      "optionalDependencies": {
        "@esbuild/aix-ppc64": "0.25.10",
        "@esbuild/android-arm": "0.25.10",
        "@esbuild/android-arm64": "0.25.10",
        "@esbuild/android-x64": "0.25.10",
        "@esbuild/darwin-arm64": "0.25.10",
        "@esbuild/darwin-x64": "0.25.10",
        "@esbuild/freebsd-arm64": "0.25.10",
        "@esbuild/freebsd-x64": "0.25.10",
        "@esbuild/linux-arm": "0.25.10",
        "@esbuild/linux-arm64": "0.25.10",
        "@esbuild/linux-ia32": "0.25.10",
        "@esbuild/linux-loong64": "0.25.10",
        "@esbuild/linux-mips64el": "0.25.10",
        "@esbuild/linux-ppc64": "0.25.10",
        "@esbuild/linux-riscv64": "0.25.10",
        "@esbuild/linux-s390x": "0.25.10",
        "@esbuild/linux-x64": "0.25.10",
        "@esbuild/netbsd-arm64": "0.25.10",
        "@esbuild/netbsd-x64": "0.25.10",
        "@esbuild/openbsd-arm64": "0.25.10",
        "@esbuild/openbsd-x64": "0.25.10",
        "@esbuild/openharmony-arm64": "0.25.10",
        "@esbuild/sunos-x64": "0.25.10",
        "@esbuild/win32-arm64": "0.25.10",
        "@esbuild/win32-ia32": "0.25.10",
        "@esbuild/win32-x64": "0.25.10"
      }
    },
    "othello-game/node_modules/estree-walker": {
      "version": "3.0.3",
      "dev": true,
      "license": "MIT",
      "dependencies": {
        "@types/estree": "^1.0.0"
      }
    },
    "othello-game/node_modules/expect-type": {
      "version": "1.2.2",
      "dev": true,
      "license": "Apache-2.0",
      "engines": {
        "node": ">=12.0.0"
      }
    },
    "othello-game/node_modules/fdir": {
      "version": "6.5.0",
      "dev": true,
      "license": "MIT",
      "engines": {
        "node": ">=12.0.0"
      },
      "peerDependencies": {
        "picomatch": "^3 || ^4"
      },
      "peerDependenciesMeta": {
        "picomatch": {
          "optional": true
        }
      }
    },
    "othello-game/node_modules/js-tokens": {
      "version": "9.0.1",
      "dev": true,
      "license": "MIT"
    },
    "othello-game/node_modules/loupe": {
      "version": "3.2.1",
      "dev": true,
      "license": "MIT"
    },
    "othello-game/node_modules/magic-string": {
      "version": "0.30.19",
      "dev": true,
      "license": "MIT",
      "dependencies": {
        "@jridgewell/sourcemap-codec": "^1.5.5"
      }
    },
    "othello-game/node_modules/nanoid": {
      "version": "3.3.11",
      "dev": true,
      "funding": [
        {
          "type": "github",
          "url": "https://github.com/sponsors/ai"
        }
      ],
      "license": "MIT",
      "bin": {
        "nanoid": "bin/nanoid.cjs"
      },
      "engines": {
        "node": "^10 || ^12 || ^13.7 || ^14 || >=15.0.1"
      }
    },
    "othello-game/node_modules/pathe": {
      "version": "2.0.3",
      "dev": true,
      "license": "MIT"
    },
    "othello-game/node_modules/pathval": {
      "version": "2.0.1",
      "dev": true,
      "license": "MIT",
      "engines": {
        "node": ">= 14.16"
      }
    },
    "othello-game/node_modules/picocolors": {
      "version": "1.1.1",
      "dev": true,
      "license": "ISC"
    },
    "othello-game/node_modules/picomatch": {
      "version": "4.0.3",
      "dev": true,
      "license": "MIT",
      "engines": {
        "node": ">=12"
      },
      "funding": {
        "url": "https://github.com/sponsors/jonschlinkert"
      }
    },
    "othello-game/node_modules/postcss": {
      "version": "8.5.6",
      "dev": true,
      "funding": [
        {
          "type": "opencollective",
          "url": "https://opencollective.com/postcss/"
        },
        {
          "type": "tidelift",
          "url": "https://tidelift.com/funding/github/npm/postcss"
        },
        {
          "type": "github",
          "url": "https://github.com/sponsors/ai"
        }
      ],
      "license": "MIT",
      "dependencies": {
        "nanoid": "^3.3.11",
        "picocolors": "^1.1.1",
        "source-map-js": "^1.2.1"
      },
      "engines": {
        "node": "^10 || ^12 || >=14"
      }
    },
    "othello-game/node_modules/rollup": {
      "version": "4.52.4",
      "dev": true,
      "license": "MIT",
      "dependencies": {
        "@types/estree": "1.0.8"
      },
      "bin": {
        "rollup": "dist/bin/rollup"
      },
      "engines": {
        "node": ">=18.0.0",
        "npm": ">=8.0.0"
      },
      "optionalDependencies": {
        "@rollup/rollup-android-arm-eabi": "4.52.4",
        "@rollup/rollup-android-arm64": "4.52.4",
        "@rollup/rollup-darwin-arm64": "4.52.4",
        "@rollup/rollup-darwin-x64": "4.52.4",
        "@rollup/rollup-freebsd-arm64": "4.52.4",
        "@rollup/rollup-freebsd-x64": "4.52.4",
        "@rollup/rollup-linux-arm-gnueabihf": "4.52.4",
        "@rollup/rollup-linux-arm-musleabihf": "4.52.4",
        "@rollup/rollup-linux-arm64-gnu": "4.52.4",
        "@rollup/rollup-linux-arm64-musl": "4.52.4",
        "@rollup/rollup-linux-loong64-gnu": "4.52.4",
        "@rollup/rollup-linux-ppc64-gnu": "4.52.4",
        "@rollup/rollup-linux-riscv64-gnu": "4.52.4",
        "@rollup/rollup-linux-riscv64-musl": "4.52.4",
        "@rollup/rollup-linux-s390x-gnu": "4.52.4",
        "@rollup/rollup-linux-x64-gnu": "4.52.4",
        "@rollup/rollup-linux-x64-musl": "4.52.4",
        "@rollup/rollup-openharmony-arm64": "4.52.4",
        "@rollup/rollup-win32-arm64-msvc": "4.52.4",
        "@rollup/rollup-win32-ia32-msvc": "4.52.4",
        "@rollup/rollup-win32-x64-gnu": "4.52.4",
        "@rollup/rollup-win32-x64-msvc": "4.52.4",
        "fsevents": "~2.3.2"
      }
    },
    "othello-game/node_modules/siginfo": {
      "version": "2.0.0",
      "dev": true,
      "license": "ISC"
    },
    "othello-game/node_modules/source-map-js": {
      "version": "1.2.1",
      "dev": true,
      "license": "BSD-3-Clause",
      "engines": {
        "node": ">=0.10.0"
      }
    },
    "othello-game/node_modules/stackback": {
      "version": "0.0.2",
      "dev": true,
      "license": "MIT"
    },
    "othello-game/node_modules/std-env": {
      "version": "3.9.0",
      "dev": true,
      "license": "MIT"
    },
    "othello-game/node_modules/strip-literal": {
      "version": "3.1.0",
      "dev": true,
      "license": "MIT",
      "dependencies": {
        "js-tokens": "^9.0.1"
      },
      "funding": {
        "url": "https://github.com/sponsors/antfu"
      }
    },
    "othello-game/node_modules/tinybench": {
      "version": "2.9.0",
      "dev": true,
      "license": "MIT"
    },
    "othello-game/node_modules/tinyexec": {
      "version": "0.3.2",
      "dev": true,
      "license": "MIT"
    },
    "othello-game/node_modules/tinyglobby": {
      "version": "0.2.15",
      "dev": true,
      "license": "MIT",
      "dependencies": {
        "fdir": "^6.5.0",
        "picomatch": "^4.0.3"
      },
      "engines": {
        "node": ">=12.0.0"
      },
      "funding": {
        "url": "https://github.com/sponsors/SuperchupuDev"
      }
    },
    "othello-game/node_modules/tinypool": {
      "version": "1.1.1",
      "dev": true,
      "license": "MIT",
      "engines": {
        "node": "^18.0.0 || >=20.0.0"
      }
    },
    "othello-game/node_modules/tinyrainbow": {
      "version": "2.0.0",
      "dev": true,
      "license": "MIT",
      "engines": {
        "node": ">=14.0.0"
      }
    },
    "othello-game/node_modules/tinyspy": {
      "version": "4.0.4",
      "dev": true,
      "license": "MIT",
      "engines": {
        "node": ">=14.0.0"
      }
    },
    "othello-game/node_modules/vite": {
      "version": "7.1.9",
      "dev": true,
      "license": "MIT",
      "dependencies": {
        "esbuild": "^0.25.0",
        "fdir": "^6.5.0",
        "picomatch": "^4.0.3",
        "postcss": "^8.5.6",
        "rollup": "^4.43.0",
        "tinyglobby": "^0.2.15"
      },
      "bin": {
        "vite": "bin/vite.js"
      },
      "engines": {
        "node": "^20.19.0 || >=22.12.0"
      },
      "funding": {
        "url": "https://github.com/vitejs/vite?sponsor=1"
      },
      "optionalDependencies": {
        "fsevents": "~2.3.3"
      },
      "peerDependencies": {
        "@types/node": "^20.19.0 || >=22.12.0",
        "jiti": ">=1.21.0",
        "less": "^4.0.0",
        "lightningcss": "^1.21.0",
        "sass": "^1.70.0",
        "sass-embedded": "^1.70.0",
        "stylus": ">=0.54.8",
        "sugarss": "^5.0.0",
        "terser": "^5.16.0",
        "tsx": "^4.8.1",
        "yaml": "^2.4.2"
      },
      "peerDependenciesMeta": {
        "@types/node": {
          "optional": true
        },
        "jiti": {
          "optional": true
        },
        "less": {
          "optional": true
        },
        "lightningcss": {
          "optional": true
        },
        "sass": {
          "optional": true
        },
        "sass-embedded": {
          "optional": true
        },
        "stylus": {
          "optional": true
        },
        "sugarss": {
          "optional": true
        },
        "terser": {
          "optional": true
        },
        "tsx": {
          "optional": true
        },
        "yaml": {
          "optional": true
        }
      }
    },
    "othello-game/node_modules/vite-node": {
      "version": "3.2.4",
      "dev": true,
      "license": "MIT",
      "dependencies": {
        "cac": "^6.7.14",
        "debug": "^4.4.1",
        "es-module-lexer": "^1.7.0",
        "pathe": "^2.0.3",
        "vite": "^5.0.0 || ^6.0.0 || ^7.0.0-0"
      },
      "bin": {
        "vite-node": "vite-node.mjs"
      },
      "engines": {
        "node": "^18.0.0 || ^20.0.0 || >=22.0.0"
      },
      "funding": {
        "url": "https://opencollective.com/vitest"
      }
    },
    "othello-game/node_modules/vitest": {
      "version": "3.2.4",
      "dev": true,
      "license": "MIT",
      "dependencies": {
        "@types/chai": "^5.2.2",
        "@vitest/expect": "3.2.4",
        "@vitest/mocker": "3.2.4",
        "@vitest/pretty-format": "^3.2.4",
        "@vitest/runner": "3.2.4",
        "@vitest/snapshot": "3.2.4",
        "@vitest/spy": "3.2.4",
        "@vitest/utils": "3.2.4",
        "chai": "^5.2.0",
        "debug": "^4.4.1",
        "expect-type": "^1.2.1",
        "magic-string": "^0.30.17",
        "pathe": "^2.0.3",
        "picomatch": "^4.0.2",
        "std-env": "^3.9.0",
        "tinybench": "^2.9.0",
        "tinyexec": "^0.3.2",
        "tinyglobby": "^0.2.14",
        "tinypool": "^1.1.1",
        "tinyrainbow": "^2.0.0",
        "vite": "^5.0.0 || ^6.0.0 || ^7.0.0-0",
        "vite-node": "3.2.4",
        "why-is-node-running": "^2.3.0"
      },
      "bin": {
        "vitest": "vitest.mjs"
      },
      "engines": {
        "node": "^18.0.0 || ^20.0.0 || >=22.0.0"
      },
      "funding": {
        "url": "https://opencollective.com/vitest"
      },
      "peerDependencies": {
        "@edge-runtime/vm": "*",
        "@types/debug": "^4.1.12",
        "@types/node": "^18.0.0 || ^20.0.0 || >=22.0.0",
        "@vitest/browser": "3.2.4",
        "@vitest/ui": "3.2.4",
        "happy-dom": "*",
        "jsdom": "*"
      },
      "peerDependenciesMeta": {
        "@edge-runtime/vm": {
          "optional": true
        },
        "@types/debug": {
          "optional": true
        },
        "@types/node": {
          "optional": true
        },
        "@vitest/browser": {
          "optional": true
        },
        "@vitest/ui": {
          "optional": true
        },
        "happy-dom": {
          "optional": true
        },
        "jsdom": {
          "optional": true
        }
      }
    },
    "othello-game/node_modules/why-is-node-running": {
      "version": "2.3.0",
      "dev": true,
      "license": "MIT",
      "dependencies": {
        "siginfo": "^2.0.0",
        "stackback": "0.0.2"
      },
      "bin": {
        "why-is-node-running": "cli.js"
      },
      "engines": {
        "node": ">=8"
      }
    }
  }
}
