
Microsoft Visual Studio Solution File, Format Version 12.00
# Visual Studio 2013
VisualStudioVersion = 12.0.30723.0
MinimumVisualStudioVersion = 10.0.40219.1
Project("{FAE04EC0-301F-11D3-BF4B-00C04F79EFBC}") = "ODataFaq.DataModel", "ODataFaq.DataModel\ODataFaq.DataModel.csproj", "{C0B4089A-9F0C-4734-8009-50692285AB38}"
EndProject
Project("{FAE04EC0-301F-11D3-BF4B-00C04F79EFBC}") = "ODataFaq.DemoDataGenerator", "ODataFaq.DemoDataGenerator\ODataFaq.DemoDataGenerator.csproj", "{2BD3F850-B8FB-4853-B24B-F1A0EBBCEF60}"
EndProject
Project("{FAE04EC0-301F-11D3-BF4B-00C04F79EFBC}") = "ODataFaq.SelfHostService", "ODataFaq.SelfHostService\ODataFaq.SelfHostService.csproj", "{5A6E26B4-851D-48B8-8898-6AD1B1106B15}"
EndProject
Project("{FAE04EC0-301F-11D3-BF4B-00C04F79EFBC}") = "ODataFaq.DataService", "ODataFaq.DataService\ODataFaq.DataService.csproj", "{A4A92809-3FC6-40F7-AC4C-3E6ED27E0B09}"
EndProject
Global
	GlobalSection(SolutionConfigurationPlatforms) = preSolution
		Debug|Any CPU = Debug|Any CPU
		Release|Any CPU = Release|Any CPU
	EndGlobalSection
	GlobalSection(ProjectConfigurationPlatforms) = postSolution
		{C0B4089A-9F0C-4734-8009-50692285AB38}.Debug|Any CPU.ActiveCfg = Debug|Any CPU
		{C0B4089A-9F0C-4734-8009-50692285AB38}.Debug|Any CPU.Build.0 = Debug|Any CPU
		{C0B4089A-9F0C-4734-8009-50692285AB38}.Release|Any CPU.ActiveCfg = Release|Any CPU
		{C0B4089A-9F0C-4734-8009-50692285AB38}.Release|Any CPU.Build.0 = Release|Any CPU
		{2BD3F850-B8FB-4853-B24B-F1A0EBBCEF60}.Debug|Any CPU.ActiveCfg = Debug|Any CPU
		{2BD3F850-B8FB-4853-B24B-F1A0EBBCEF60}.Debug|Any CPU.Build.0 = Debug|Any CPU
		{2BD3F850-B8FB-4853-B24B-F1A0EBBCEF60}.Release|Any CPU.ActiveCfg = Release|Any CPU
		{2BD3F850-B8FB-4853-B24B-F1A0EBBCEF60}.Release|Any CPU.Build.0 = Release|Any CPU
		{5A6E26B4-851D-48B8-8898-6AD1B1106B15}.Debug|Any CPU.ActiveCfg = Debug|Any CPU
		{5A6E26B4-851D-48B8-8898-6AD1B1106B15}.Debug|Any CPU.Build.0 = Debug|Any CPU
		{5A6E26B4-851D-48B8-8898-6AD1B1106B15}.Release|Any CPU.ActiveCfg = Release|Any CPU
		{5A6E26B4-851D-48B8-8898-6AD1B1106B15}.Release|Any CPU.Build.0 = Release|Any CPU
		{A4A92809-3FC6-40F7-AC4C-3E6ED27E0B09}.Debug|Any CPU.ActiveCfg = Debug|Any CPU
		{A4A92809-3FC6-40F7-AC4C-3E6ED27E0B09}.Debug|Any CPU.Build.0 = Debug|Any CPU
		{A4A92809-3FC6-40F7-AC4C-3E6ED27E0B09}.Release|Any CPU.ActiveCfg = Release|Any CPU
		{A4A92809-3FC6-40F7-AC4C-3E6ED27E0B09}.Release|Any CPU.Build.0 = Release|Any CPU
	EndGlobalSection
	GlobalSection(SolutionProperties) = preSolution
		HideSolutionNode = FALSE
	EndGlobalSection
EndGlobal
