
Microsoft Visual Studio Solution File, Format Version 12.00
# Visual Studio Version 17
VisualStudioVersion = 17.5.002.0
MinimumVisualStudioVersion = 10.0.40219.1
Project("{9A19103F-16F7-4668-BE54-9A1E7A4F7556}") = "MinimalApiAot", "MinimalApiAot.csproj", "{E5C4DF74-CB92-4D9D-BCF4-4A726AFDD6F7}"
EndProject
Global
	GlobalSection(SolutionConfigurationPlatforms) = preSolution
		Debug|Any CPU = Debug|Any CPU
		Release|Any CPU = Release|Any CPU
	EndGlobalSection
	GlobalSection(ProjectConfigurationPlatforms) = postSolution
		{E5C4DF74-CB92-4D9D-BCF4-4A726AFDD6F7}.Debug|Any CPU.ActiveCfg = Debug|Any CPU
		{E5C4DF74-CB92-4D9D-BCF4-4A726AFDD6F7}.Debug|Any CPU.Build.0 = Debug|Any CPU
		{E5C4DF74-CB92-4D9D-BCF4-4A726AFDD6F7}.Release|Any CPU.ActiveCfg = Release|Any CPU
		{E5C4DF74-CB92-4D9D-BCF4-4A726AFDD6F7}.Release|Any CPU.Build.0 = Release|Any CPU
	EndGlobalSection
	GlobalSection(SolutionProperties) = preSolution
		HideSolutionNode = FALSE
	EndGlobalSection
	GlobalSection(ExtensibilityGlobals) = postSolution
		SolutionGuid = {D7904EB8-DD94-4712-A591-06FFBDE93D2F}
	EndGlobalSection
EndGlobal
