
Microsoft Visual Studio Solution File, Format Version 12.00
# Visual Studio Version 17
VisualStudioVersion = 17.11.34929.205
MinimumVisualStudioVersion = 10.0.40219.1
Project("{9A19103F-16F7-4668-BE54-9A1E7A4F7556}") = "Shooter", "Shooter.csproj", "{F4461DE2-2A44-4B43-AFEA-A4E717E4CEAE}"
EndProject
Global
	GlobalSection(SolutionConfigurationPlatforms) = preSolution
		Debug|Any CPU = Debug|Any CPU
		Release|Any CPU = Release|Any CPU
	EndGlobalSection
	GlobalSection(ProjectConfigurationPlatforms) = postSolution
		{F4461DE2-2A44-4B43-AFEA-A4E717E4CEAE}.Debug|Any CPU.ActiveCfg = Debug|Any CPU
		{F4461DE2-2A44-4B43-AFEA-A4E717E4CEAE}.Debug|Any CPU.Build.0 = Debug|Any CPU
		{F4461DE2-2A44-4B43-AFEA-A4E717E4CEAE}.Release|Any CPU.ActiveCfg = Release|Any CPU
		{F4461DE2-2A44-4B43-AFEA-A4E717E4CEAE}.Release|Any CPU.Build.0 = Release|Any CPU
	EndGlobalSection
	GlobalSection(SolutionProperties) = preSolution
		HideSolutionNode = FALSE
	EndGlobalSection
	GlobalSection(ExtensibilityGlobals) = postSolution
		SolutionGuid = {0CD07965-DC8E-423B-B592-A8905F89C70E}
	EndGlobalSection
EndGlobal
