
Microsoft Visual Studio Solution File, Format Version 12.00
# Visual Studio 2012
Project("{FAE04EC0-301F-11D3-BF4B-00C04F79EFBC}") = "ControlLibrary", "ControlLibrary\ControlLibrary.csproj", "{6F578231-A3EB-427C-B069-D83875BC82B4}"
EndProject
Project("{FAE04EC0-301F-11D3-BF4B-00C04F79EFBC}") = "TestUI", "TestUI\TestUI.csproj", "{07D0D4FC-9529-4D2F-BFBE-532004E7A9B3}"
EndProject
Global
	GlobalSection(TeamFoundationVersionControl) = preSolution
		SccNumberOfProjects = 3
		SccEnterpriseProvider = {4CA58AB2-18FA-4F8D-95D4-32DDF27D184C}
		SccTeamFoundationServer = http://silver:8080/tfs/defaultcollection
		SccLocalPath0 = .
		SccProjectUniqueName1 = ControlLibrary\\ControlLibrary.csproj
		SccProjectName1 = ControlLibrary
		SccLocalPath1 = ControlLibrary
		SccProjectUniqueName2 = TestUI\\TestUI.csproj
		SccProjectName2 = TestUI
		SccLocalPath2 = TestUI
	EndGlobalSection
	GlobalSection(SolutionConfigurationPlatforms) = preSolution
		Debug|Any CPU = Debug|Any CPU
		Release|Any CPU = Release|Any CPU
	EndGlobalSection
	GlobalSection(ProjectConfigurationPlatforms) = postSolution
		{6F578231-A3EB-427C-B069-D83875BC82B4}.Debug|Any CPU.ActiveCfg = Debug|Any CPU
		{6F578231-A3EB-427C-B069-D83875BC82B4}.Debug|Any CPU.Build.0 = Debug|Any CPU
		{6F578231-A3EB-427C-B069-D83875BC82B4}.Release|Any CPU.ActiveCfg = Release|Any CPU
		{6F578231-A3EB-427C-B069-D83875BC82B4}.Release|Any CPU.Build.0 = Release|Any CPU
		{07D0D4FC-9529-4D2F-BFBE-532004E7A9B3}.Debug|Any CPU.ActiveCfg = Debug|Any CPU
		{07D0D4FC-9529-4D2F-BFBE-532004E7A9B3}.Debug|Any CPU.Build.0 = Debug|Any CPU
		{07D0D4FC-9529-4D2F-BFBE-532004E7A9B3}.Release|Any CPU.ActiveCfg = Release|Any CPU
		{07D0D4FC-9529-4D2F-BFBE-532004E7A9B3}.Release|Any CPU.Build.0 = Release|Any CPU
	EndGlobalSection
	GlobalSection(SolutionProperties) = preSolution
		HideSolutionNode = FALSE
	EndGlobalSection
EndGlobal
