
Microsoft Visual Studio Solution File, Format Version 11.00
# Visual Studio 2010
Project("{FAE04EC0-301F-11D3-BF4B-00C04F79EFBC}") = "Animation3D_Step1", "Animation3D_Step1.csproj", "{8213C3D2-637F-4177-85B5-8A67692F1A78}"
EndProject
Global
	GlobalSection(TeamFoundationVersionControl) = preSolution
		SccNumberOfProjects = 2
		SccEnterpriseProvider = {4CA58AB2-18FA-4F8D-95D4-32DDF27D184C}
		SccTeamFoundationServer = http://silver:8080/
		SccLocalPath0 = .
		SccProjectUniqueName1 = Animation3D_Step1.csproj
		SccLocalPath1 = .
	EndGlobalSection
	GlobalSection(SolutionConfigurationPlatforms) = preSolution
		Debug|Any CPU = Debug|Any CPU
		Release|Any CPU = Release|Any CPU
	EndGlobalSection
	GlobalSection(ProjectConfigurationPlatforms) = postSolution
		{8213C3D2-637F-4177-85B5-8A67692F1A78}.Debug|Any CPU.ActiveCfg = Debug|Any CPU
		{8213C3D2-637F-4177-85B5-8A67692F1A78}.Debug|Any CPU.Build.0 = Debug|Any CPU
		{8213C3D2-637F-4177-85B5-8A67692F1A78}.Release|Any CPU.ActiveCfg = Release|Any CPU
		{8213C3D2-637F-4177-85B5-8A67692F1A78}.Release|Any CPU.Build.0 = Release|Any CPU
	EndGlobalSection
	GlobalSection(SolutionProperties) = preSolution
		HideSolutionNode = FALSE
	EndGlobalSection
EndGlobal
