
Microsoft Visual Studio Solution File, Format Version 12.00
# Visual Studio Version 16
VisualStudioVersion = 16.0.28902.138
MinimumVisualStudioVersion = 10.0.40219.1
Project("{9A19103F-16F7-4668-BE54-9A1E7A4F7556}") = "whats-new-in-vs2019", "whats-new-in-vs2019\whats-new-in-vs2019.csproj", "{289D9B14-2289-4369-BA40-90FC535EEF8A}"
EndProject
Project("{FAE04EC0-301F-11D3-BF4B-00C04F79EFBC}") = "DemoApi", "DemoApi\DemoApi.csproj", "{6938AA53-CEA2-4343-9C19-E683A727653B}"
EndProject
Global
	GlobalSection(SolutionConfigurationPlatforms) = preSolution
		Debug|Any CPU = Debug|Any CPU
		Release|Any CPU = Release|Any CPU
	EndGlobalSection
	GlobalSection(ProjectConfigurationPlatforms) = postSolution
		{289D9B14-2289-4369-BA40-90FC535EEF8A}.Debug|Any CPU.ActiveCfg = Debug|Any CPU
		{289D9B14-2289-4369-BA40-90FC535EEF8A}.Debug|Any CPU.Build.0 = Debug|Any CPU
		{289D9B14-2289-4369-BA40-90FC535EEF8A}.Release|Any CPU.ActiveCfg = Release|Any CPU
		{289D9B14-2289-4369-BA40-90FC535EEF8A}.Release|Any CPU.Build.0 = Release|Any CPU
		{6938AA53-CEA2-4343-9C19-E683A727653B}.Debug|Any CPU.ActiveCfg = Debug|Any CPU
		{6938AA53-CEA2-4343-9C19-E683A727653B}.Debug|Any CPU.Build.0 = Debug|Any CPU
		{6938AA53-CEA2-4343-9C19-E683A727653B}.Release|Any CPU.ActiveCfg = Release|Any CPU
		{6938AA53-CEA2-4343-9C19-E683A727653B}.Release|Any CPU.Build.0 = Release|Any CPU
	EndGlobalSection
	GlobalSection(SolutionProperties) = preSolution
		HideSolutionNode = FALSE
	EndGlobalSection
	GlobalSection(ExtensibilityGlobals) = postSolution
		SolutionGuid = {821F728A-CAB7-411A-8415-F509B31C602F}
	EndGlobalSection
EndGlobal
