
Microsoft Visual Studio Solution File, Format Version 12.00
# Visual Studio Version 17
VisualStudioVersion = 17.4.32916.344
MinimumVisualStudioVersion = 10.0.40219.1
Project("{FAE04EC0-301F-11D3-BF4B-00C04F79EFBC}") = "NullBillionDollar", "NullBillionDollar\NullBillionDollar.csproj", "{7E148EA3-B286-4E7B-BDAF-C41D80A4F1DB}"
EndProject
Global
	GlobalSection(SolutionConfigurationPlatforms) = preSolution
		Debug|Any CPU = Debug|Any CPU
		Release|Any CPU = Release|Any CPU
	EndGlobalSection
	GlobalSection(ProjectConfigurationPlatforms) = postSolution
		{7E148EA3-B286-4E7B-BDAF-C41D80A4F1DB}.Debug|Any CPU.ActiveCfg = Debug|Any CPU
		{7E148EA3-B286-4E7B-BDAF-C41D80A4F1DB}.Debug|Any CPU.Build.0 = Debug|Any CPU
		{7E148EA3-B286-4E7B-BDAF-C41D80A4F1DB}.Release|Any CPU.ActiveCfg = Release|Any CPU
		{7E148EA3-B286-4E7B-BDAF-C41D80A4F1DB}.Release|Any CPU.Build.0 = Release|Any CPU
	EndGlobalSection
	GlobalSection(SolutionProperties) = preSolution
		HideSolutionNode = FALSE
	EndGlobalSection
	GlobalSection(ExtensibilityGlobals) = postSolution
		SolutionGuid = {C7B1C2E4-EA1E-4F83-9441-3E2B678EA7E4}
	EndGlobalSection
EndGlobal
