
Microsoft Visual Studio Solution File, Format Version 12.00
# Visual Studio 2013
VisualStudioVersion = 12.0.30110.0
MinimumVisualStudioVersion = 10.0.40219.1
Project("{930C7802-8A8C-48F9-8165-68863BCCD9DD}") = "WiXBasicsSample", "WiXBasicsSample\WiXBasicsSample.wixproj", "{A97B7ABA-9BEB-4F85-896A-BB21131DA070}"
EndProject
Global
	GlobalSection(SolutionConfigurationPlatforms) = preSolution
		Debug|x86 = Debug|x86
		Release|x86 = Release|x86
	EndGlobalSection
	GlobalSection(ProjectConfigurationPlatforms) = postSolution
		{A97B7ABA-9BEB-4F85-896A-BB21131DA070}.Debug|x86.ActiveCfg = Debug|x86
		{A97B7ABA-9BEB-4F85-896A-BB21131DA070}.Debug|x86.Build.0 = Debug|x86
		{A97B7ABA-9BEB-4F85-896A-BB21131DA070}.Release|x86.ActiveCfg = Release|x86
		{A97B7ABA-9BEB-4F85-896A-BB21131DA070}.Release|x86.Build.0 = Release|x86
	EndGlobalSection
	GlobalSection(SolutionProperties) = preSolution
		HideSolutionNode = FALSE
	EndGlobalSection
EndGlobal
