
Microsoft Visual Studio Solution File, Format Version 12.00
# Visual Studio 2013
VisualStudioVersion = 12.0.30723.0
MinimumVisualStudioVersion = 10.0.40219.1
Project("{FAE04EC0-301F-11D3-BF4B-00C04F79EFBC}") = "CustomODataProvider.Provider", "CustomODataProvider.Provider\CustomODataProvider.Provider.csproj", "{3A778F3F-8BC3-46B4-9A0B-221602924DAE}"
EndProject
Project("{FAE04EC0-301F-11D3-BF4B-00C04F79EFBC}") = "CustomODataProvider.Hosting", "CustomODataProvider.Hosting\CustomODataProvider.Hosting.csproj", "{9E088971-C6DD-4DCA-B163-C567952A6F00}"
EndProject
Project("{2150E333-8FDC-42A3-9474-1A3956D46DE8}") = ".nuget", ".nuget", "{093D78E2-BC3C-4F79-847C-499924032069}"
EndProject
Global
	GlobalSection(SolutionConfigurationPlatforms) = preSolution
		Debug|Any CPU = Debug|Any CPU
		Release|Any CPU = Release|Any CPU
	EndGlobalSection
	GlobalSection(ProjectConfigurationPlatforms) = postSolution
		{3A778F3F-8BC3-46B4-9A0B-221602924DAE}.Debug|Any CPU.ActiveCfg = Debug|Any CPU
		{3A778F3F-8BC3-46B4-9A0B-221602924DAE}.Debug|Any CPU.Build.0 = Debug|Any CPU
		{3A778F3F-8BC3-46B4-9A0B-221602924DAE}.Release|Any CPU.ActiveCfg = Release|Any CPU
		{3A778F3F-8BC3-46B4-9A0B-221602924DAE}.Release|Any CPU.Build.0 = Release|Any CPU
		{9E088971-C6DD-4DCA-B163-C567952A6F00}.Debug|Any CPU.ActiveCfg = Debug|Any CPU
		{9E088971-C6DD-4DCA-B163-C567952A6F00}.Debug|Any CPU.Build.0 = Debug|Any CPU
		{9E088971-C6DD-4DCA-B163-C567952A6F00}.Release|Any CPU.ActiveCfg = Release|Any CPU
		{9E088971-C6DD-4DCA-B163-C567952A6F00}.Release|Any CPU.Build.0 = Release|Any CPU
	EndGlobalSection
	GlobalSection(SolutionProperties) = preSolution
		HideSolutionNode = FALSE
	EndGlobalSection
EndGlobal
