
Microsoft Visual Studio Solution File, Format Version 12.00
# Visual Studio Version 16
VisualStudioVersion = 16.0.29521.150
MinimumVisualStudioVersion = 10.0.40219.1
Project("{FAE04EC0-301F-11D3-BF4B-00C04F79EFBC}") = "TicTacToe.Logic", "TicTacToe.Logic\TicTacToe.Logic.csproj", "{B7C20A45-F248-46F8-9036-36615F9DDC26}"
EndProject
Project("{FAE04EC0-301F-11D3-BF4B-00C04F79EFBC}") = "TicTacToe.Tests", "TicTacToe.Tests\TicTacToe.Tests.csproj", "{73F88A8B-DCC3-444E-9A6B-2BBFB9F55413}"
EndProject
Global
	GlobalSection(SolutionConfigurationPlatforms) = preSolution
		Debug|Any CPU = Debug|Any CPU
		Release|Any CPU = Release|Any CPU
	EndGlobalSection
	GlobalSection(ProjectConfigurationPlatforms) = postSolution
		{B7C20A45-F248-46F8-9036-36615F9DDC26}.Debug|Any CPU.ActiveCfg = Debug|Any CPU
		{B7C20A45-F248-46F8-9036-36615F9DDC26}.Debug|Any CPU.Build.0 = Debug|Any CPU
		{B7C20A45-F248-46F8-9036-36615F9DDC26}.Release|Any CPU.ActiveCfg = Release|Any CPU
		{B7C20A45-F248-46F8-9036-36615F9DDC26}.Release|Any CPU.Build.0 = Release|Any CPU
		{73F88A8B-DCC3-444E-9A6B-2BBFB9F55413}.Debug|Any CPU.ActiveCfg = Debug|Any CPU
		{73F88A8B-DCC3-444E-9A6B-2BBFB9F55413}.Debug|Any CPU.Build.0 = Debug|Any CPU
		{73F88A8B-DCC3-444E-9A6B-2BBFB9F55413}.Release|Any CPU.ActiveCfg = Release|Any CPU
		{73F88A8B-DCC3-444E-9A6B-2BBFB9F55413}.Release|Any CPU.Build.0 = Release|Any CPU
	EndGlobalSection
	GlobalSection(SolutionProperties) = preSolution
		HideSolutionNode = FALSE
	EndGlobalSection
	GlobalSection(ExtensibilityGlobals) = postSolution
		SolutionGuid = {739FD05D-2719-4393-85DF-FCE54A013B83}
	EndGlobalSection
EndGlobal
