
Microsoft Visual Studio Solution File, Format Version 12.00
# Visual Studio Version 17
VisualStudioVersion = 17.0.31903.59
MinimumVisualStudioVersion = 10.0.40219.1
Project("{FAE04EC0-301F-11D3-BF4B-00C04F79EFBC}") = "TrainStation", "TrainStation\TrainStation.csproj", "{C2F0C628-6893-4A3C-81B7-80D2F4AFABBB}"
EndProject
Project("{FAE04EC0-301F-11D3-BF4B-00C04F79EFBC}") = "TrainStation.Tests", "TrainStation.Tests\TrainStation.Tests.csproj", "{35E17AA8-E27A-443A-B888-414225443915}"
EndProject
Global
	GlobalSection(SolutionConfigurationPlatforms) = preSolution
		Debug|Any CPU = Debug|Any CPU
		Release|Any CPU = Release|Any CPU
	EndGlobalSection
	GlobalSection(SolutionProperties) = preSolution
		HideSolutionNode = FALSE
	EndGlobalSection
	GlobalSection(ProjectConfigurationPlatforms) = postSolution
		{C2F0C628-6893-4A3C-81B7-80D2F4AFABBB}.Debug|Any CPU.ActiveCfg = Debug|Any CPU
		{C2F0C628-6893-4A3C-81B7-80D2F4AFABBB}.Debug|Any CPU.Build.0 = Debug|Any CPU
		{C2F0C628-6893-4A3C-81B7-80D2F4AFABBB}.Release|Any CPU.ActiveCfg = Release|Any CPU
		{C2F0C628-6893-4A3C-81B7-80D2F4AFABBB}.Release|Any CPU.Build.0 = Release|Any CPU
		{35E17AA8-E27A-443A-B888-414225443915}.Debug|Any CPU.ActiveCfg = Debug|Any CPU
		{35E17AA8-E27A-443A-B888-414225443915}.Debug|Any CPU.Build.0 = Debug|Any CPU
		{35E17AA8-E27A-443A-B888-414225443915}.Release|Any CPU.ActiveCfg = Release|Any CPU
		{35E17AA8-E27A-443A-B888-414225443915}.Release|Any CPU.Build.0 = Release|Any CPU
	EndGlobalSection
EndGlobal
