
Microsoft Visual Studio Solution File, Format Version 12.00
# Visual Studio 2013
VisualStudioVersion = 12.0.31101.0
MinimumVisualStudioVersion = 10.0.40219.1
Project("{FAE04EC0-301F-11D3-BF4B-00C04F79EFBC}") = "LineIntersection", "LineIntersection\LineIntersection.csproj", "{FFD3736A-0A0A-4751-902F-8B6D34CF66CE}"
EndProject
Project("{FAE04EC0-301F-11D3-BF4B-00C04F79EFBC}") = "LineIntersection.Tests", "LineIntersection.Tests\LineIntersection.Tests.csproj", "{8B059565-0D15-46E1-8ECB-8501D1C92286}"
EndProject
Project("{FAE04EC0-301F-11D3-BF4B-00C04F79EFBC}") = "LineIntersection.UI", "LineIntersection.UI\LineIntersection.UI.csproj", "{5CA8CCA0-8A58-41C9-A574-74CCD3608C36}"
EndProject
Global
	GlobalSection(SolutionConfigurationPlatforms) = preSolution
		Debug|Any CPU = Debug|Any CPU
		Release|Any CPU = Release|Any CPU
	EndGlobalSection
	GlobalSection(ProjectConfigurationPlatforms) = postSolution
		{FFD3736A-0A0A-4751-902F-8B6D34CF66CE}.Debug|Any CPU.ActiveCfg = Debug|Any CPU
		{FFD3736A-0A0A-4751-902F-8B6D34CF66CE}.Debug|Any CPU.Build.0 = Debug|Any CPU
		{FFD3736A-0A0A-4751-902F-8B6D34CF66CE}.Release|Any CPU.ActiveCfg = Release|Any CPU
		{FFD3736A-0A0A-4751-902F-8B6D34CF66CE}.Release|Any CPU.Build.0 = Release|Any CPU
		{8B059565-0D15-46E1-8ECB-8501D1C92286}.Debug|Any CPU.ActiveCfg = Debug|Any CPU
		{8B059565-0D15-46E1-8ECB-8501D1C92286}.Debug|Any CPU.Build.0 = Debug|Any CPU
		{8B059565-0D15-46E1-8ECB-8501D1C92286}.Release|Any CPU.ActiveCfg = Release|Any CPU
		{8B059565-0D15-46E1-8ECB-8501D1C92286}.Release|Any CPU.Build.0 = Release|Any CPU
		{5CA8CCA0-8A58-41C9-A574-74CCD3608C36}.Debug|Any CPU.ActiveCfg = Debug|Any CPU
		{5CA8CCA0-8A58-41C9-A574-74CCD3608C36}.Debug|Any CPU.Build.0 = Debug|Any CPU
		{5CA8CCA0-8A58-41C9-A574-74CCD3608C36}.Release|Any CPU.ActiveCfg = Release|Any CPU
		{5CA8CCA0-8A58-41C9-A574-74CCD3608C36}.Release|Any CPU.Build.0 = Release|Any CPU
	EndGlobalSection
	GlobalSection(SolutionProperties) = preSolution
		HideSolutionNode = FALSE
	EndGlobalSection
EndGlobal
