
Microsoft Visual Studio Solution File, Format Version 12.00
# Visual Studio Version 16
VisualStudioVersion = 16.0.30128.36
MinimumVisualStudioVersion = 10.0.40219.1
Project("{9A19103F-16F7-4668-BE54-9A1E7A4F7556}") = "BackendService", "BackendService.csproj", "{F532945C-0D74-4AEA-A37D-EB41DB940E30}"
EndProject
Project("{FAE04EC0-301F-11D3-BF4B-00C04F79EFBC}") = "FrontendService", "..\FrontendService\FrontendService.csproj", "{429FBCDC-5739-4397-81D3-20977F84FBCC}"
EndProject
Global
	GlobalSection(SolutionConfigurationPlatforms) = preSolution
		Debug|Any CPU = Debug|Any CPU
		Release|Any CPU = Release|Any CPU
	EndGlobalSection
	GlobalSection(ProjectConfigurationPlatforms) = postSolution
		{F532945C-0D74-4AEA-A37D-EB41DB940E30}.Debug|Any CPU.ActiveCfg = Debug|Any CPU
		{F532945C-0D74-4AEA-A37D-EB41DB940E30}.Debug|Any CPU.Build.0 = Debug|Any CPU
		{F532945C-0D74-4AEA-A37D-EB41DB940E30}.Release|Any CPU.ActiveCfg = Release|Any CPU
		{F532945C-0D74-4AEA-A37D-EB41DB940E30}.Release|Any CPU.Build.0 = Release|Any CPU
		{429FBCDC-5739-4397-81D3-20977F84FBCC}.Debug|Any CPU.ActiveCfg = Debug|Any CPU
		{429FBCDC-5739-4397-81D3-20977F84FBCC}.Debug|Any CPU.Build.0 = Debug|Any CPU
		{429FBCDC-5739-4397-81D3-20977F84FBCC}.Release|Any CPU.ActiveCfg = Release|Any CPU
		{429FBCDC-5739-4397-81D3-20977F84FBCC}.Release|Any CPU.Build.0 = Release|Any CPU
	EndGlobalSection
	GlobalSection(SolutionProperties) = preSolution
		HideSolutionNode = FALSE
	EndGlobalSection
	GlobalSection(ExtensibilityGlobals) = postSolution
		SolutionGuid = {65BF5FD7-E381-4FFC-B1FF-8321CE7C473B}
	EndGlobalSection
EndGlobal
