
Microsoft Visual Studio Solution File, Format Version 12.00
# Visual Studio Version 16
VisualStudioVersion = 16.0.29521.150
MinimumVisualStudioVersion = 10.0.40219.1
Project("{9A19103F-16F7-4668-BE54-9A1E7A4F7556}") = "PokemonAnalyzer.Logic", "PokemonAnalyzer.Logic\PokemonAnalyzer.Logic.csproj", "{FA4465B4-D6D6-4BCD-9BD5-32989F2CB852}"
EndProject
Project("{9A19103F-16F7-4668-BE54-9A1E7A4F7556}") = "PokemonAnalyzer.Tests", "PokemonAnalyzer.Tests\PokemonAnalyzer.Tests.csproj", "{6F19D6D1-6D61-484C-B4D9-931C8E39CC5F}"
EndProject
Project("{FAE04EC0-301F-11D3-BF4B-00C04F79EFBC}") = "SpanNetFx", "SpanNetFx\SpanNetFx.csproj", "{457896E4-8E96-4F0D-B533-3DEB31E1B312}"
EndProject
Global
	GlobalSection(SolutionConfigurationPlatforms) = preSolution
		Debug|Any CPU = Debug|Any CPU
		Release|Any CPU = Release|Any CPU
	EndGlobalSection
	GlobalSection(ProjectConfigurationPlatforms) = postSolution
		{FA4465B4-D6D6-4BCD-9BD5-32989F2CB852}.Debug|Any CPU.ActiveCfg = Debug|Any CPU
		{FA4465B4-D6D6-4BCD-9BD5-32989F2CB852}.Debug|Any CPU.Build.0 = Debug|Any CPU
		{FA4465B4-D6D6-4BCD-9BD5-32989F2CB852}.Release|Any CPU.ActiveCfg = Release|Any CPU
		{FA4465B4-D6D6-4BCD-9BD5-32989F2CB852}.Release|Any CPU.Build.0 = Release|Any CPU
		{6F19D6D1-6D61-484C-B4D9-931C8E39CC5F}.Debug|Any CPU.ActiveCfg = Debug|Any CPU
		{6F19D6D1-6D61-484C-B4D9-931C8E39CC5F}.Debug|Any CPU.Build.0 = Debug|Any CPU
		{6F19D6D1-6D61-484C-B4D9-931C8E39CC5F}.Release|Any CPU.ActiveCfg = Release|Any CPU
		{6F19D6D1-6D61-484C-B4D9-931C8E39CC5F}.Release|Any CPU.Build.0 = Release|Any CPU
		{457896E4-8E96-4F0D-B533-3DEB31E1B312}.Debug|Any CPU.ActiveCfg = Debug|Any CPU
		{457896E4-8E96-4F0D-B533-3DEB31E1B312}.Debug|Any CPU.Build.0 = Debug|Any CPU
		{457896E4-8E96-4F0D-B533-3DEB31E1B312}.Release|Any CPU.ActiveCfg = Release|Any CPU
		{457896E4-8E96-4F0D-B533-3DEB31E1B312}.Release|Any CPU.Build.0 = Release|Any CPU
	EndGlobalSection
	GlobalSection(SolutionProperties) = preSolution
		HideSolutionNode = FALSE
	EndGlobalSection
	GlobalSection(ExtensibilityGlobals) = postSolution
		SolutionGuid = {4B22C192-1738-4F25-BD2F-5A4C88F0E347}
	EndGlobalSection
EndGlobal
