
Microsoft Visual Studio Solution File, Format Version 12.00
# Visual Studio 2013
VisualStudioVersion = 12.0.31101.0
MinimumVisualStudioVersion = 10.0.40219.1
Project("{FAE04EC0-301F-11D3-BF4B-00C04F79EFBC}") = "PiWithMonteCarlo", "PiWithMonteCarlo\PiWithMonteCarlo.csproj", "{49B1C64D-9B7C-4B1E-983E-65B47F642B03}"
EndProject
Project("{FAE04EC0-301F-11D3-BF4B-00C04F79EFBC}") = "PiWithMonteCarlo.TestDriver", "..\PiWithMonteCarlo.TestDriver\PiWithMonteCarlo.TestDriver.csproj", "{F655A80C-E9FB-46A0-AB71-4A082F47EE68}"
EndProject
Project("{FAE04EC0-301F-11D3-BF4B-00C04F79EFBC}") = "PiWithMonteCarloUI", "..\PiWithMonteCarloUI\PiWithMonteCarloUI.csproj", "{E58EE3C7-CA00-4945-AED8-5C8B9FFC1FBA}"
EndProject
Global
	GlobalSection(SolutionConfigurationPlatforms) = preSolution
		Debug|Any CPU = Debug|Any CPU
		Debug|ARM = Debug|ARM
		Debug|x64 = Debug|x64
		Debug|x86 = Debug|x86
		Release|Any CPU = Release|Any CPU
		Release|ARM = Release|ARM
		Release|x64 = Release|x64
		Release|x86 = Release|x86
	EndGlobalSection
	GlobalSection(ProjectConfigurationPlatforms) = postSolution
		{49B1C64D-9B7C-4B1E-983E-65B47F642B03}.Debug|Any CPU.ActiveCfg = Debug|Any CPU
		{49B1C64D-9B7C-4B1E-983E-65B47F642B03}.Debug|Any CPU.Build.0 = Debug|Any CPU
		{49B1C64D-9B7C-4B1E-983E-65B47F642B03}.Debug|ARM.ActiveCfg = Debug|Any CPU
		{49B1C64D-9B7C-4B1E-983E-65B47F642B03}.Debug|x64.ActiveCfg = Debug|Any CPU
		{49B1C64D-9B7C-4B1E-983E-65B47F642B03}.Debug|x86.ActiveCfg = Debug|Any CPU
		{49B1C64D-9B7C-4B1E-983E-65B47F642B03}.Release|Any CPU.ActiveCfg = Release|Any CPU
		{49B1C64D-9B7C-4B1E-983E-65B47F642B03}.Release|Any CPU.Build.0 = Release|Any CPU
		{49B1C64D-9B7C-4B1E-983E-65B47F642B03}.Release|ARM.ActiveCfg = Release|Any CPU
		{49B1C64D-9B7C-4B1E-983E-65B47F642B03}.Release|x64.ActiveCfg = Release|Any CPU
		{49B1C64D-9B7C-4B1E-983E-65B47F642B03}.Release|x86.ActiveCfg = Release|Any CPU
		{F655A80C-E9FB-46A0-AB71-4A082F47EE68}.Debug|Any CPU.ActiveCfg = Debug|Any CPU
		{F655A80C-E9FB-46A0-AB71-4A082F47EE68}.Debug|Any CPU.Build.0 = Debug|Any CPU
		{F655A80C-E9FB-46A0-AB71-4A082F47EE68}.Debug|ARM.ActiveCfg = Debug|Any CPU
		{F655A80C-E9FB-46A0-AB71-4A082F47EE68}.Debug|x64.ActiveCfg = Debug|Any CPU
		{F655A80C-E9FB-46A0-AB71-4A082F47EE68}.Debug|x86.ActiveCfg = Debug|Any CPU
		{F655A80C-E9FB-46A0-AB71-4A082F47EE68}.Release|Any CPU.ActiveCfg = Release|Any CPU
		{F655A80C-E9FB-46A0-AB71-4A082F47EE68}.Release|Any CPU.Build.0 = Release|Any CPU
		{F655A80C-E9FB-46A0-AB71-4A082F47EE68}.Release|ARM.ActiveCfg = Release|Any CPU
		{F655A80C-E9FB-46A0-AB71-4A082F47EE68}.Release|x64.ActiveCfg = Release|Any CPU
		{F655A80C-E9FB-46A0-AB71-4A082F47EE68}.Release|x86.ActiveCfg = Release|Any CPU
		{E58EE3C7-CA00-4945-AED8-5C8B9FFC1FBA}.Debug|Any CPU.ActiveCfg = Debug|Any CPU
		{E58EE3C7-CA00-4945-AED8-5C8B9FFC1FBA}.Debug|Any CPU.Build.0 = Debug|Any CPU
		{E58EE3C7-CA00-4945-AED8-5C8B9FFC1FBA}.Debug|ARM.ActiveCfg = Debug|Any CPU
		{E58EE3C7-CA00-4945-AED8-5C8B9FFC1FBA}.Debug|x64.ActiveCfg = Debug|Any CPU
		{E58EE3C7-CA00-4945-AED8-5C8B9FFC1FBA}.Debug|x86.ActiveCfg = Debug|Any CPU
		{E58EE3C7-CA00-4945-AED8-5C8B9FFC1FBA}.Release|Any CPU.ActiveCfg = Release|Any CPU
		{E58EE3C7-CA00-4945-AED8-5C8B9FFC1FBA}.Release|Any CPU.Build.0 = Release|Any CPU
		{E58EE3C7-CA00-4945-AED8-5C8B9FFC1FBA}.Release|ARM.ActiveCfg = Release|Any CPU
		{E58EE3C7-CA00-4945-AED8-5C8B9FFC1FBA}.Release|x64.ActiveCfg = Release|Any CPU
		{E58EE3C7-CA00-4945-AED8-5C8B9FFC1FBA}.Release|x86.ActiveCfg = Release|Any CPU
	EndGlobalSection
	GlobalSection(SolutionProperties) = preSolution
		HideSolutionNode = FALSE
	EndGlobalSection
EndGlobal
