
Microsoft Visual Studio Solution File, Format Version 12.00
# Visual Studio Version 16
VisualStudioVersion = 16.0.30404.54
MinimumVisualStudioVersion = 10.0.40219.1
Project("{9A19103F-16F7-4668-BE54-9A1E7A4F7556}") = "AsyncBlazor.Server", "AsyncBlazor.Server\AsyncBlazor.Server.csproj", "{DF0A6703-BC4F-421A-8593-30253B1E0585}"
EndProject
Project("{9A19103F-16F7-4668-BE54-9A1E7A4F7556}") = "AsyncBlazor.Model", "AsyncBlazor.Model\AsyncBlazor.Model.csproj", "{2A00C1D7-FF9C-435A-8766-CEFAB8097289}"
EndProject
Project("{9A19103F-16F7-4668-BE54-9A1E7A4F7556}") = "AsyncBlazor.Client", "AsyncBlazor.Client\AsyncBlazor.Client.csproj", "{1C6E9ABF-6629-4AB3-B708-4B400AE26C66}"
EndProject
Project("{FAE04EC0-301F-11D3-BF4B-00C04F79EFBC}") = "AsyncBlazor.OrderProcessing", "AsyncBlazor.OrderProcessing\AsyncBlazor.OrderProcessing.csproj", "{9E3E2F98-ACFE-4D37-9F8E-E86F7B9044E9}"
EndProject
Global
	GlobalSection(SolutionConfigurationPlatforms) = preSolution
		Debug|Any CPU = Debug|Any CPU
		Release|Any CPU = Release|Any CPU
	EndGlobalSection
	GlobalSection(ProjectConfigurationPlatforms) = postSolution
		{DF0A6703-BC4F-421A-8593-30253B1E0585}.Debug|Any CPU.ActiveCfg = Debug|Any CPU
		{DF0A6703-BC4F-421A-8593-30253B1E0585}.Debug|Any CPU.Build.0 = Debug|Any CPU
		{DF0A6703-BC4F-421A-8593-30253B1E0585}.Release|Any CPU.ActiveCfg = Release|Any CPU
		{DF0A6703-BC4F-421A-8593-30253B1E0585}.Release|Any CPU.Build.0 = Release|Any CPU
		{2A00C1D7-FF9C-435A-8766-CEFAB8097289}.Debug|Any CPU.ActiveCfg = Debug|Any CPU
		{2A00C1D7-FF9C-435A-8766-CEFAB8097289}.Debug|Any CPU.Build.0 = Debug|Any CPU
		{2A00C1D7-FF9C-435A-8766-CEFAB8097289}.Release|Any CPU.ActiveCfg = Release|Any CPU
		{2A00C1D7-FF9C-435A-8766-CEFAB8097289}.Release|Any CPU.Build.0 = Release|Any CPU
		{1C6E9ABF-6629-4AB3-B708-4B400AE26C66}.Debug|Any CPU.ActiveCfg = Debug|Any CPU
		{1C6E9ABF-6629-4AB3-B708-4B400AE26C66}.Debug|Any CPU.Build.0 = Debug|Any CPU
		{1C6E9ABF-6629-4AB3-B708-4B400AE26C66}.Release|Any CPU.ActiveCfg = Release|Any CPU
		{1C6E9ABF-6629-4AB3-B708-4B400AE26C66}.Release|Any CPU.Build.0 = Release|Any CPU
		{9E3E2F98-ACFE-4D37-9F8E-E86F7B9044E9}.Debug|Any CPU.ActiveCfg = Debug|Any CPU
		{9E3E2F98-ACFE-4D37-9F8E-E86F7B9044E9}.Debug|Any CPU.Build.0 = Debug|Any CPU
		{9E3E2F98-ACFE-4D37-9F8E-E86F7B9044E9}.Release|Any CPU.ActiveCfg = Release|Any CPU
		{9E3E2F98-ACFE-4D37-9F8E-E86F7B9044E9}.Release|Any CPU.Build.0 = Release|Any CPU
	EndGlobalSection
	GlobalSection(SolutionProperties) = preSolution
		HideSolutionNode = FALSE
	EndGlobalSection
	GlobalSection(ExtensibilityGlobals) = postSolution
		SolutionGuid = {F095CC82-B55D-403F-8929-EBD1CEBDE510}
	EndGlobalSection
EndGlobal
