
Microsoft Visual Studio Solution File, Format Version 12.00
# Visual Studio Version 16
VisualStudioVersion = 16.0.29319.158
MinimumVisualStudioVersion = 10.0.40219.1
Project("{9A19103F-16F7-4668-BE54-9A1E7A4F7556}") = "01-Basic", "01-Basic.csproj", "{32368F31-C680-4ECB-AA47-8485AD20BBE5}"
EndProject
Global
	GlobalSection(SolutionConfigurationPlatforms) = preSolution
		Debug|Any CPU = Debug|Any CPU
		Release|Any CPU = Release|Any CPU
	EndGlobalSection
	GlobalSection(ProjectConfigurationPlatforms) = postSolution
		{32368F31-C680-4ECB-AA47-8485AD20BBE5}.Debug|Any CPU.ActiveCfg = Debug|Any CPU
		{32368F31-C680-4ECB-AA47-8485AD20BBE5}.Debug|Any CPU.Build.0 = Debug|Any CPU
		{32368F31-C680-4ECB-AA47-8485AD20BBE5}.Release|Any CPU.ActiveCfg = Release|Any CPU
		{32368F31-C680-4ECB-AA47-8485AD20BBE5}.Release|Any CPU.Build.0 = Release|Any CPU
	EndGlobalSection
	GlobalSection(SolutionProperties) = preSolution
		HideSolutionNode = FALSE
	EndGlobalSection
	GlobalSection(ExtensibilityGlobals) = postSolution
		SolutionGuid = {430A3D18-4CA2-4224-B9D1-5D6A2EC62084}
	EndGlobalSection
EndGlobal
