
Microsoft Visual Studio Solution File, Format Version 12.00
# Visual Studio Version 16
VisualStudioVersion = 16.0.29111.141
MinimumVisualStudioVersion = 10.0.40219.1
Project("{9A19103F-16F7-4668-BE54-9A1E7A4F7556}") = "WebApiDemo", "WebApi\WebApiDemo.csproj", "{8D934397-6687-4FCE-B6CC-DE81AA7A30C6}"
EndProject
Project("{9A19103F-16F7-4668-BE54-9A1E7A4F7556}") = "DataModel", "DataModel\DataModel.csproj", "{9889BB6A-787D-4623-9C33-3EA345C38C76}"
EndProject
Project("{FAE04EC0-301F-11D3-BF4B-00C04F79EFBC}") = "WebApiDemo.Tests", "WebApiDemo.Tests\WebApiDemo.Tests.csproj", "{8F9477AF-D873-4BA1-9C70-FB536E345E02}"
EndProject
Global
	GlobalSection(SolutionConfigurationPlatforms) = preSolution
		Debug|Any CPU = Debug|Any CPU
		Release|Any CPU = Release|Any CPU
	EndGlobalSection
	GlobalSection(ProjectConfigurationPlatforms) = postSolution
		{8D934397-6687-4FCE-B6CC-DE81AA7A30C6}.Debug|Any CPU.ActiveCfg = Debug|Any CPU
		{8D934397-6687-4FCE-B6CC-DE81AA7A30C6}.Debug|Any CPU.Build.0 = Debug|Any CPU
		{8D934397-6687-4FCE-B6CC-DE81AA7A30C6}.Release|Any CPU.ActiveCfg = Release|Any CPU
		{8D934397-6687-4FCE-B6CC-DE81AA7A30C6}.Release|Any CPU.Build.0 = Release|Any CPU
		{9889BB6A-787D-4623-9C33-3EA345C38C76}.Debug|Any CPU.ActiveCfg = Debug|Any CPU
		{9889BB6A-787D-4623-9C33-3EA345C38C76}.Debug|Any CPU.Build.0 = Debug|Any CPU
		{9889BB6A-787D-4623-9C33-3EA345C38C76}.Release|Any CPU.ActiveCfg = Release|Any CPU
		{9889BB6A-787D-4623-9C33-3EA345C38C76}.Release|Any CPU.Build.0 = Release|Any CPU
		{8F9477AF-D873-4BA1-9C70-FB536E345E02}.Debug|Any CPU.ActiveCfg = Debug|Any CPU
		{8F9477AF-D873-4BA1-9C70-FB536E345E02}.Debug|Any CPU.Build.0 = Debug|Any CPU
		{8F9477AF-D873-4BA1-9C70-FB536E345E02}.Release|Any CPU.ActiveCfg = Release|Any CPU
		{8F9477AF-D873-4BA1-9C70-FB536E345E02}.Release|Any CPU.Build.0 = Release|Any CPU
	EndGlobalSection
	GlobalSection(SolutionProperties) = preSolution
		HideSolutionNode = FALSE
	EndGlobalSection
	GlobalSection(ExtensibilityGlobals) = postSolution
		SolutionGuid = {61C159F2-678A-40A8-9956-E5F33736D3F5}
	EndGlobalSection
EndGlobal
