
Microsoft Visual Studio Solution File, Format Version 12.00
# Visual Studio Version 17
VisualStudioVersion = 17.2.32427.441
MinimumVisualStudioVersion = 10.0.40219.1
Project("{9A19103F-16F7-4668-BE54-9A1E7A4F7556}") = "Ref", "Ref\Ref.csproj", "{4D68427A-A628-45B1-A795-49709D710502}"
EndProject
Project("{9A19103F-16F7-4668-BE54-9A1E7A4F7556}") = "RefReturns", "RefReturns\RefReturns.csproj", "{318660CF-BBEA-4332-88CB-C4AC087503F9}"
EndProject
Project("{9A19103F-16F7-4668-BE54-9A1E7A4F7556}") = "Span", "Span\Span.csproj", "{307B6D21-17B7-4A4A-9A6D-7922BBA32F47}"
EndProject
Global
	GlobalSection(SolutionConfigurationPlatforms) = preSolution
		Debug|Any CPU = Debug|Any CPU
		Release|Any CPU = Release|Any CPU
	EndGlobalSection
	GlobalSection(ProjectConfigurationPlatforms) = postSolution
		{4D68427A-A628-45B1-A795-49709D710502}.Debug|Any CPU.ActiveCfg = Debug|Any CPU
		{4D68427A-A628-45B1-A795-49709D710502}.Debug|Any CPU.Build.0 = Debug|Any CPU
		{4D68427A-A628-45B1-A795-49709D710502}.Release|Any CPU.ActiveCfg = Release|Any CPU
		{4D68427A-A628-45B1-A795-49709D710502}.Release|Any CPU.Build.0 = Release|Any CPU
		{318660CF-BBEA-4332-88CB-C4AC087503F9}.Debug|Any CPU.ActiveCfg = Debug|Any CPU
		{318660CF-BBEA-4332-88CB-C4AC087503F9}.Debug|Any CPU.Build.0 = Debug|Any CPU
		{318660CF-BBEA-4332-88CB-C4AC087503F9}.Release|Any CPU.ActiveCfg = Release|Any CPU
		{318660CF-BBEA-4332-88CB-C4AC087503F9}.Release|Any CPU.Build.0 = Release|Any CPU
		{307B6D21-17B7-4A4A-9A6D-7922BBA32F47}.Debug|Any CPU.ActiveCfg = Debug|Any CPU
		{307B6D21-17B7-4A4A-9A6D-7922BBA32F47}.Debug|Any CPU.Build.0 = Debug|Any CPU
		{307B6D21-17B7-4A4A-9A6D-7922BBA32F47}.Release|Any CPU.ActiveCfg = Release|Any CPU
		{307B6D21-17B7-4A4A-9A6D-7922BBA32F47}.Release|Any CPU.Build.0 = Release|Any CPU
	EndGlobalSection
	GlobalSection(SolutionProperties) = preSolution
		HideSolutionNode = FALSE
	EndGlobalSection
	GlobalSection(ExtensibilityGlobals) = postSolution
		SolutionGuid = {C93EDA8D-661E-445B-B1D3-26E8021F51D8}
	EndGlobalSection
EndGlobal
