
Microsoft Visual Studio Solution File, Format Version 12.00
# Visual Studio 2013
VisualStudioVersion = 12.0.30501.0
MinimumVisualStudioVersion = 10.0.40219.1
Project("{FAE04EC0-301F-11D3-BF4B-00C04F79EFBC}") = "CustomClasses", "ClassLibrary\CustomClasses.csproj", "{2C8EC7E0-ECD3-4539-98D7-F4C86A5B1AE5}"
EndProject
Project("{FAE04EC0-301F-11D3-BF4B-00C04F79EFBC}") = "NamespaceSample", "Application\NamespaceSample.csproj", "{7F2664AC-C899-47CC-8F9F-311FF84CE3D0}"
EndProject
Global
	GlobalSection(SolutionConfigurationPlatforms) = preSolution
		Debug|Any CPU = Debug|Any CPU
		Release|Any CPU = Release|Any CPU
	EndGlobalSection
	GlobalSection(ProjectConfigurationPlatforms) = postSolution
		{2C8EC7E0-ECD3-4539-98D7-F4C86A5B1AE5}.Debug|Any CPU.ActiveCfg = Debug|Any CPU
		{2C8EC7E0-ECD3-4539-98D7-F4C86A5B1AE5}.Debug|Any CPU.Build.0 = Debug|Any CPU
		{2C8EC7E0-ECD3-4539-98D7-F4C86A5B1AE5}.Release|Any CPU.ActiveCfg = Release|Any CPU
		{2C8EC7E0-ECD3-4539-98D7-F4C86A5B1AE5}.Release|Any CPU.Build.0 = Release|Any CPU
		{7F2664AC-C899-47CC-8F9F-311FF84CE3D0}.Debug|Any CPU.ActiveCfg = Debug|Any CPU
		{7F2664AC-C899-47CC-8F9F-311FF84CE3D0}.Debug|Any CPU.Build.0 = Debug|Any CPU
		{7F2664AC-C899-47CC-8F9F-311FF84CE3D0}.Release|Any CPU.ActiveCfg = Release|Any CPU
		{7F2664AC-C899-47CC-8F9F-311FF84CE3D0}.Release|Any CPU.Build.0 = Release|Any CPU
	EndGlobalSection
	GlobalSection(SolutionProperties) = preSolution
		HideSolutionNode = FALSE
	EndGlobalSection
EndGlobal
