
Microsoft Visual Studio Solution File, Format Version 12.00
# Visual Studio Version 17
VisualStudioVersion = 17.0.31903.59
MinimumVisualStudioVersion = 10.0.40219.1
Project("{FAE04EC0-301F-11D3-BF4B-00C04F79EFBC}") = "Ref", "Ref\Ref.csproj", "{C48E6092-AB43-4A8F-8353-1DDEF036916A}"
EndProject
Project("{FAE04EC0-301F-11D3-BF4B-00C04F79EFBC}") = "Extensions", "Extensions\Extensions.csproj", "{F732939A-4452-41C1-BC26-591E8FF8A1E0}"
EndProject
Project("{FAE04EC0-301F-11D3-BF4B-00C04F79EFBC}") = "Fields", "Fields\Fields.csproj", "{075E3171-85C4-4893-9E85-CF99FE52944C}"
EndProject
Project("{FAE04EC0-301F-11D3-BF4B-00C04F79EFBC}") = "SpanConversions", "SpanConversions\SpanConversions.csproj", "{C626027E-E351-4697-96DB-9D01602495E3}"
EndProject
Project("{FAE04EC0-301F-11D3-BF4B-00C04F79EFBC}") = "LambdaModifiers", "LambdaModifiers\LambdaModifiers.csproj", "{F2BE7679-BA18-43F2-93B3-909B4295AD82}"
EndProject
Project("{FAE04EC0-301F-11D3-BF4B-00C04F79EFBC}") = "CompoundAssignment", "CompoundAssignment\CompoundAssignment.csproj", "{E8A5C6E5-E08E-4137-A200-89B790BDC046}"
EndProject
Project("{FAE04EC0-301F-11D3-BF4B-00C04F79EFBC}") = "NullConditional", "NullConditional\NullConditional.csproj", "{139B664D-E096-4BEB-AF48-961DBD7D8B40}"
EndProject
Global
	GlobalSection(SolutionConfigurationPlatforms) = preSolution
		Debug|Any CPU = Debug|Any CPU
		Debug|x64 = Debug|x64
		Debug|x86 = Debug|x86
		Release|Any CPU = Release|Any CPU
		Release|x64 = Release|x64
		Release|x86 = Release|x86
	EndGlobalSection
	GlobalSection(ProjectConfigurationPlatforms) = postSolution
		{C48E6092-AB43-4A8F-8353-1DDEF036916A}.Debug|Any CPU.ActiveCfg = Debug|Any CPU
		{C48E6092-AB43-4A8F-8353-1DDEF036916A}.Debug|Any CPU.Build.0 = Debug|Any CPU
		{C48E6092-AB43-4A8F-8353-1DDEF036916A}.Debug|x64.ActiveCfg = Debug|Any CPU
		{C48E6092-AB43-4A8F-8353-1DDEF036916A}.Debug|x64.Build.0 = Debug|Any CPU
		{C48E6092-AB43-4A8F-8353-1DDEF036916A}.Debug|x86.ActiveCfg = Debug|Any CPU
		{C48E6092-AB43-4A8F-8353-1DDEF036916A}.Debug|x86.Build.0 = Debug|Any CPU
		{C48E6092-AB43-4A8F-8353-1DDEF036916A}.Release|Any CPU.ActiveCfg = Release|Any CPU
		{C48E6092-AB43-4A8F-8353-1DDEF036916A}.Release|Any CPU.Build.0 = Release|Any CPU
		{C48E6092-AB43-4A8F-8353-1DDEF036916A}.Release|x64.ActiveCfg = Release|Any CPU
		{C48E6092-AB43-4A8F-8353-1DDEF036916A}.Release|x64.Build.0 = Release|Any CPU
		{C48E6092-AB43-4A8F-8353-1DDEF036916A}.Release|x86.ActiveCfg = Release|Any CPU
		{C48E6092-AB43-4A8F-8353-1DDEF036916A}.Release|x86.Build.0 = Release|Any CPU
		{F732939A-4452-41C1-BC26-591E8FF8A1E0}.Debug|Any CPU.ActiveCfg = Debug|Any CPU
		{F732939A-4452-41C1-BC26-591E8FF8A1E0}.Debug|Any CPU.Build.0 = Debug|Any CPU
		{F732939A-4452-41C1-BC26-591E8FF8A1E0}.Debug|x64.ActiveCfg = Debug|Any CPU
		{F732939A-4452-41C1-BC26-591E8FF8A1E0}.Debug|x64.Build.0 = Debug|Any CPU
		{F732939A-4452-41C1-BC26-591E8FF8A1E0}.Debug|x86.ActiveCfg = Debug|Any CPU
		{F732939A-4452-41C1-BC26-591E8FF8A1E0}.Debug|x86.Build.0 = Debug|Any CPU
		{F732939A-4452-41C1-BC26-591E8FF8A1E0}.Release|Any CPU.ActiveCfg = Release|Any CPU
		{F732939A-4452-41C1-BC26-591E8FF8A1E0}.Release|Any CPU.Build.0 = Release|Any CPU
		{F732939A-4452-41C1-BC26-591E8FF8A1E0}.Release|x64.ActiveCfg = Release|Any CPU
		{F732939A-4452-41C1-BC26-591E8FF8A1E0}.Release|x64.Build.0 = Release|Any CPU
		{F732939A-4452-41C1-BC26-591E8FF8A1E0}.Release|x86.ActiveCfg = Release|Any CPU
		{F732939A-4452-41C1-BC26-591E8FF8A1E0}.Release|x86.Build.0 = Release|Any CPU
		{075E3171-85C4-4893-9E85-CF99FE52944C}.Debug|Any CPU.ActiveCfg = Debug|Any CPU
		{075E3171-85C4-4893-9E85-CF99FE52944C}.Debug|Any CPU.Build.0 = Debug|Any CPU
		{075E3171-85C4-4893-9E85-CF99FE52944C}.Debug|x64.ActiveCfg = Debug|Any CPU
		{075E3171-85C4-4893-9E85-CF99FE52944C}.Debug|x64.Build.0 = Debug|Any CPU
		{075E3171-85C4-4893-9E85-CF99FE52944C}.Debug|x86.ActiveCfg = Debug|Any CPU
		{075E3171-85C4-4893-9E85-CF99FE52944C}.Debug|x86.Build.0 = Debug|Any CPU
		{075E3171-85C4-4893-9E85-CF99FE52944C}.Release|Any CPU.ActiveCfg = Release|Any CPU
		{075E3171-85C4-4893-9E85-CF99FE52944C}.Release|Any CPU.Build.0 = Release|Any CPU
		{075E3171-85C4-4893-9E85-CF99FE52944C}.Release|x64.ActiveCfg = Release|Any CPU
		{075E3171-85C4-4893-9E85-CF99FE52944C}.Release|x64.Build.0 = Release|Any CPU
		{075E3171-85C4-4893-9E85-CF99FE52944C}.Release|x86.ActiveCfg = Release|Any CPU
		{075E3171-85C4-4893-9E85-CF99FE52944C}.Release|x86.Build.0 = Release|Any CPU
		{C626027E-E351-4697-96DB-9D01602495E3}.Debug|Any CPU.ActiveCfg = Debug|Any CPU
		{C626027E-E351-4697-96DB-9D01602495E3}.Debug|Any CPU.Build.0 = Debug|Any CPU
		{C626027E-E351-4697-96DB-9D01602495E3}.Debug|x64.ActiveCfg = Debug|Any CPU
		{C626027E-E351-4697-96DB-9D01602495E3}.Debug|x64.Build.0 = Debug|Any CPU
		{C626027E-E351-4697-96DB-9D01602495E3}.Debug|x86.ActiveCfg = Debug|Any CPU
		{C626027E-E351-4697-96DB-9D01602495E3}.Debug|x86.Build.0 = Debug|Any CPU
		{C626027E-E351-4697-96DB-9D01602495E3}.Release|Any CPU.ActiveCfg = Release|Any CPU
		{C626027E-E351-4697-96DB-9D01602495E3}.Release|Any CPU.Build.0 = Release|Any CPU
		{C626027E-E351-4697-96DB-9D01602495E3}.Release|x64.ActiveCfg = Release|Any CPU
		{C626027E-E351-4697-96DB-9D01602495E3}.Release|x64.Build.0 = Release|Any CPU
		{C626027E-E351-4697-96DB-9D01602495E3}.Release|x86.ActiveCfg = Release|Any CPU
		{C626027E-E351-4697-96DB-9D01602495E3}.Release|x86.Build.0 = Release|Any CPU
		{F2BE7679-BA18-43F2-93B3-909B4295AD82}.Debug|Any CPU.ActiveCfg = Debug|Any CPU
		{F2BE7679-BA18-43F2-93B3-909B4295AD82}.Debug|Any CPU.Build.0 = Debug|Any CPU
		{F2BE7679-BA18-43F2-93B3-909B4295AD82}.Debug|x64.ActiveCfg = Debug|Any CPU
		{F2BE7679-BA18-43F2-93B3-909B4295AD82}.Debug|x64.Build.0 = Debug|Any CPU
		{F2BE7679-BA18-43F2-93B3-909B4295AD82}.Debug|x86.ActiveCfg = Debug|Any CPU
		{F2BE7679-BA18-43F2-93B3-909B4295AD82}.Debug|x86.Build.0 = Debug|Any CPU
		{F2BE7679-BA18-43F2-93B3-909B4295AD82}.Release|Any CPU.ActiveCfg = Release|Any CPU
		{F2BE7679-BA18-43F2-93B3-909B4295AD82}.Release|Any CPU.Build.0 = Release|Any CPU
		{F2BE7679-BA18-43F2-93B3-909B4295AD82}.Release|x64.ActiveCfg = Release|Any CPU
		{F2BE7679-BA18-43F2-93B3-909B4295AD82}.Release|x64.Build.0 = Release|Any CPU
		{F2BE7679-BA18-43F2-93B3-909B4295AD82}.Release|x86.ActiveCfg = Release|Any CPU
		{F2BE7679-BA18-43F2-93B3-909B4295AD82}.Release|x86.Build.0 = Release|Any CPU
		{E8A5C6E5-E08E-4137-A200-89B790BDC046}.Debug|Any CPU.ActiveCfg = Debug|Any CPU
		{E8A5C6E5-E08E-4137-A200-89B790BDC046}.Debug|Any CPU.Build.0 = Debug|Any CPU
		{E8A5C6E5-E08E-4137-A200-89B790BDC046}.Debug|x64.ActiveCfg = Debug|Any CPU
		{E8A5C6E5-E08E-4137-A200-89B790BDC046}.Debug|x64.Build.0 = Debug|Any CPU
		{E8A5C6E5-E08E-4137-A200-89B790BDC046}.Debug|x86.ActiveCfg = Debug|Any CPU
		{E8A5C6E5-E08E-4137-A200-89B790BDC046}.Debug|x86.Build.0 = Debug|Any CPU
		{E8A5C6E5-E08E-4137-A200-89B790BDC046}.Release|Any CPU.ActiveCfg = Release|Any CPU
		{E8A5C6E5-E08E-4137-A200-89B790BDC046}.Release|Any CPU.Build.0 = Release|Any CPU
		{E8A5C6E5-E08E-4137-A200-89B790BDC046}.Release|x64.ActiveCfg = Release|Any CPU
		{E8A5C6E5-E08E-4137-A200-89B790BDC046}.Release|x64.Build.0 = Release|Any CPU
		{E8A5C6E5-E08E-4137-A200-89B790BDC046}.Release|x86.ActiveCfg = Release|Any CPU
		{E8A5C6E5-E08E-4137-A200-89B790BDC046}.Release|x86.Build.0 = Release|Any CPU
		{139B664D-E096-4BEB-AF48-961DBD7D8B40}.Debug|Any CPU.ActiveCfg = Debug|Any CPU
		{139B664D-E096-4BEB-AF48-961DBD7D8B40}.Debug|Any CPU.Build.0 = Debug|Any CPU
		{139B664D-E096-4BEB-AF48-961DBD7D8B40}.Debug|x64.ActiveCfg = Debug|Any CPU
		{139B664D-E096-4BEB-AF48-961DBD7D8B40}.Debug|x64.Build.0 = Debug|Any CPU
		{139B664D-E096-4BEB-AF48-961DBD7D8B40}.Debug|x86.ActiveCfg = Debug|Any CPU
		{139B664D-E096-4BEB-AF48-961DBD7D8B40}.Debug|x86.Build.0 = Debug|Any CPU
		{139B664D-E096-4BEB-AF48-961DBD7D8B40}.Release|Any CPU.ActiveCfg = Release|Any CPU
		{139B664D-E096-4BEB-AF48-961DBD7D8B40}.Release|Any CPU.Build.0 = Release|Any CPU
		{139B664D-E096-4BEB-AF48-961DBD7D8B40}.Release|x64.ActiveCfg = Release|Any CPU
		{139B664D-E096-4BEB-AF48-961DBD7D8B40}.Release|x64.Build.0 = Release|Any CPU
		{139B664D-E096-4BEB-AF48-961DBD7D8B40}.Release|x86.ActiveCfg = Release|Any CPU
		{139B664D-E096-4BEB-AF48-961DBD7D8B40}.Release|x86.Build.0 = Release|Any CPU
	EndGlobalSection
	GlobalSection(SolutionProperties) = preSolution
		HideSolutionNode = FALSE
	EndGlobalSection
EndGlobal
