
Microsoft Visual Studio Solution File, Format Version 12.00
# Visual Studio 15
VisualStudioVersion = 15.0.26906.1
MinimumVisualStudioVersion = 15.0.26124.0
Project("{9A19103F-16F7-4668-BE54-9A1E7A4F7556}") = "client", "src\client\client.csproj", "{F3BFD606-B0B5-4FD1-9A08-5C82EF7C4364}"
EndProject
Project("{9A19103F-16F7-4668-BE54-9A1E7A4F7556}") = "math-library", "src\math-library\math-library.csproj", "{F996BCE2-94F7-4E88-AEE9-6B44B9530B64}"
EndProject
Project("{9A19103F-16F7-4668-BE54-9A1E7A4F7556}") = "lib-test", "test\lib-test\lib-test.csproj", "{C75AB97F-9A71-4039-9A47-694519A4335A}"
EndProject
Global
	GlobalSection(SolutionConfigurationPlatforms) = preSolution
		Debug|Any CPU = Debug|Any CPU
		Debug|x64 = Debug|x64
		Debug|x86 = Debug|x86
		Release|Any CPU = Release|Any CPU
		Release|x64 = Release|x64
		Release|x86 = Release|x86
	EndGlobalSection
	GlobalSection(ProjectConfigurationPlatforms) = postSolution
		{F3BFD606-B0B5-4FD1-9A08-5C82EF7C4364}.Debug|Any CPU.ActiveCfg = Debug|Any CPU
		{F3BFD606-B0B5-4FD1-9A08-5C82EF7C4364}.Debug|Any CPU.Build.0 = Debug|Any CPU
		{F3BFD606-B0B5-4FD1-9A08-5C82EF7C4364}.Debug|x64.ActiveCfg = Debug|Any CPU
		{F3BFD606-B0B5-4FD1-9A08-5C82EF7C4364}.Debug|x64.Build.0 = Debug|Any CPU
		{F3BFD606-B0B5-4FD1-9A08-5C82EF7C4364}.Debug|x86.ActiveCfg = Debug|Any CPU
		{F3BFD606-B0B5-4FD1-9A08-5C82EF7C4364}.Debug|x86.Build.0 = Debug|Any CPU
		{F3BFD606-B0B5-4FD1-9A08-5C82EF7C4364}.Release|Any CPU.ActiveCfg = Release|Any CPU
		{F3BFD606-B0B5-4FD1-9A08-5C82EF7C4364}.Release|Any CPU.Build.0 = Release|Any CPU
		{F3BFD606-B0B5-4FD1-9A08-5C82EF7C4364}.Release|x64.ActiveCfg = Release|Any CPU
		{F3BFD606-B0B5-4FD1-9A08-5C82EF7C4364}.Release|x64.Build.0 = Release|Any CPU
		{F3BFD606-B0B5-4FD1-9A08-5C82EF7C4364}.Release|x86.ActiveCfg = Release|Any CPU
		{F3BFD606-B0B5-4FD1-9A08-5C82EF7C4364}.Release|x86.Build.0 = Release|Any CPU
		{F996BCE2-94F7-4E88-AEE9-6B44B9530B64}.Debug|Any CPU.ActiveCfg = Debug|Any CPU
		{F996BCE2-94F7-4E88-AEE9-6B44B9530B64}.Debug|Any CPU.Build.0 = Debug|Any CPU
		{F996BCE2-94F7-4E88-AEE9-6B44B9530B64}.Debug|x64.ActiveCfg = Debug|Any CPU
		{F996BCE2-94F7-4E88-AEE9-6B44B9530B64}.Debug|x64.Build.0 = Debug|Any CPU
		{F996BCE2-94F7-4E88-AEE9-6B44B9530B64}.Debug|x86.ActiveCfg = Debug|Any CPU
		{F996BCE2-94F7-4E88-AEE9-6B44B9530B64}.Debug|x86.Build.0 = Debug|Any CPU
		{F996BCE2-94F7-4E88-AEE9-6B44B9530B64}.Release|Any CPU.ActiveCfg = Release|Any CPU
		{F996BCE2-94F7-4E88-AEE9-6B44B9530B64}.Release|Any CPU.Build.0 = Release|Any CPU
		{F996BCE2-94F7-4E88-AEE9-6B44B9530B64}.Release|x64.ActiveCfg = Release|Any CPU
		{F996BCE2-94F7-4E88-AEE9-6B44B9530B64}.Release|x64.Build.0 = Release|Any CPU
		{F996BCE2-94F7-4E88-AEE9-6B44B9530B64}.Release|x86.ActiveCfg = Release|Any CPU
		{F996BCE2-94F7-4E88-AEE9-6B44B9530B64}.Release|x86.Build.0 = Release|Any CPU
		{C75AB97F-9A71-4039-9A47-694519A4335A}.Debug|Any CPU.ActiveCfg = Debug|Any CPU
		{C75AB97F-9A71-4039-9A47-694519A4335A}.Debug|Any CPU.Build.0 = Debug|Any CPU
		{C75AB97F-9A71-4039-9A47-694519A4335A}.Debug|x64.ActiveCfg = Debug|Any CPU
		{C75AB97F-9A71-4039-9A47-694519A4335A}.Debug|x64.Build.0 = Debug|Any CPU
		{C75AB97F-9A71-4039-9A47-694519A4335A}.Debug|x86.ActiveCfg = Debug|Any CPU
		{C75AB97F-9A71-4039-9A47-694519A4335A}.Debug|x86.Build.0 = Debug|Any CPU
		{C75AB97F-9A71-4039-9A47-694519A4335A}.Release|Any CPU.ActiveCfg = Release|Any CPU
		{C75AB97F-9A71-4039-9A47-694519A4335A}.Release|Any CPU.Build.0 = Release|Any CPU
		{C75AB97F-9A71-4039-9A47-694519A4335A}.Release|x64.ActiveCfg = Release|Any CPU
		{C75AB97F-9A71-4039-9A47-694519A4335A}.Release|x64.Build.0 = Release|Any CPU
		{C75AB97F-9A71-4039-9A47-694519A4335A}.Release|x86.ActiveCfg = Release|Any CPU
		{C75AB97F-9A71-4039-9A47-694519A4335A}.Release|x86.Build.0 = Release|Any CPU
	EndGlobalSection
	GlobalSection(SolutionProperties) = preSolution
		HideSolutionNode = FALSE
	EndGlobalSection
	GlobalSection(ExtensibilityGlobals) = postSolution
		SolutionGuid = {F57BA11E-70D7-4DF8-8A37-8BBE7DB825EF}
	EndGlobalSection
EndGlobal
