
Microsoft Visual Studio Solution File, Format Version 12.00
# Visual Studio Version 16
VisualStudioVersion = 16.0.29230.61
MinimumVisualStudioVersion = 10.0.40219.1
Project("{FAE04EC0-301F-11D3-BF4B-00C04F79EFBC}") = "Json", "Json.csproj", "{C3A76B5A-5DB0-498D-A529-C7D7B4B0B786}"
EndProject
Global
	GlobalSection(SolutionConfigurationPlatforms) = preSolution
		Debug|Any CPU = Debug|Any CPU
		Release|Any CPU = Release|Any CPU
	EndGlobalSection
	GlobalSection(ProjectConfigurationPlatforms) = postSolution
		{C3A76B5A-5DB0-498D-A529-C7D7B4B0B786}.Debug|Any CPU.ActiveCfg = Debug|Any CPU
		{C3A76B5A-5DB0-498D-A529-C7D7B4B0B786}.Debug|Any CPU.Build.0 = Debug|Any CPU
		{C3A76B5A-5DB0-498D-A529-C7D7B4B0B786}.Release|Any CPU.ActiveCfg = Release|Any CPU
		{C3A76B5A-5DB0-498D-A529-C7D7B4B0B786}.Release|Any CPU.Build.0 = Release|Any CPU
	EndGlobalSection
	GlobalSection(SolutionProperties) = preSolution
		HideSolutionNode = FALSE
	EndGlobalSection
	GlobalSection(ExtensibilityGlobals) = postSolution
		SolutionGuid = {0FBCCFF7-57B0-499A-9C65-B4C547474BE6}
	EndGlobalSection
EndGlobal
